// !$*UTF8*$!
{
	archiveVersion = 1;
	classes = {
	};
	objectVersion = 46;
	objects = {

/* Begin PBXAggregateTarget section */
		226D61337FAB4487AF3AE96A /* ZERO_CHECK */ = {
			isa = PBXAggregateTarget;
			buildConfigurationList = BB9C67E24D9649BD9831B1C8 /* Build configuration list for PBXAggregateTarget "ZERO_CHECK" */;
			buildPhases = (
				5AC255D8BF5A825CA49E4FD9 /* Generate CMakeFiles/ZERO_CHECK */,
			);
			dependencies = (
			);
			name = ZERO_CHECK;
			productName = ZERO_CHECK;
		};
		53D08268C0F64BB6BE7FC825 /* install */ = {
			isa = PBXAggregateTarget;
			buildConfigurationList = E4782FF7FE3B4A56969B1E34 /* Build configuration list for PBXAggregateTarget "install" */;
			buildPhases = (
				93426DA6A4AC2C2AC9CE883C /* CMake PostBuild Rules */,
			);
			dependencies = (
				D9E1CD1A1D4E42C288F90C4E /* PBXTargetDependency */,
			);
			name = install;
			productName = install;
		};
		B87428A0020F41D9BD076382 /* ALL_BUILD */ = {
			isa = PBXAggregateTarget;
			buildConfigurationList = FE76547DACF0456BA5B29AE4 /* Build configuration list for PBXAggregateTarget "ALL_BUILD" */;
			buildPhases = (
				6A7AE09F1677AE2072F6EA29 /* Generate CMakeFiles/ALL_BUILD */,
			);
			dependencies = (
				96D9A7EDF863428295CCA547 /* PBXTargetDependency */,
				B0B0739293A44F22A3CB4B95 /* PBXTargetDependency */,
			);
			name = ALL_BUILD;
			productName = ALL_BUILD;
		};
/* End PBXAggregateTarget section */

/* Begin PBXBuildFile section */
		0030100E78164BED83EE2476 /* /Users/bernardocohen/repos/designPatternsJoshi/cpp/src/arrays.cpp */ = {isa = PBXBuildFile; fileRef = 2424513DC40647C1B053E8CD /* /Users/bernardocohen/repos/designPatternsJoshi/cpp/src/arrays.cpp */; };
		0AE463F1289E473F91CAE359 /* /Users/bernardocohen/repos/designPatternsJoshi/cpp/include/dpJoshi_bits/random2.hpp */ = {isa = PBXBuildFile; fileRef = 34DBF4F22C554A0EAE4939EB /* /Users/bernardocohen/repos/designPatternsJoshi/cpp/include/dpJoshi_bits/random2.hpp */; };
		0B3B8D465CAC423683C830E3 /* /Users/bernardocohen/repos/designPatternsJoshi/cpp/src/vanilla3.cpp */ = {isa = PBXBuildFile; fileRef = B9D0474640EA48DD947C9083 /* /Users/bernardocohen/repos/designPatternsJoshi/cpp/src/vanilla3.cpp */; };
		0E19A3A309AA452984629DFF /* /Users/bernardocohen/repos/designPatternsJoshi/cpp/src/blackScholesFormulas.cpp */ = {isa = PBXBuildFile; fileRef = F790B275F04145649224D84D /* /Users/bernardocohen/repos/designPatternsJoshi/cpp/src/blackScholesFormulas.cpp */; };
		0EA34972140D4435BFE64D39 /* /Users/bernardocohen/repos/designPatternsJoshi/cpp/include/dpJoshi_bits/newtonRaphson.hpp */ = {isa = PBXBuildFile; fileRef = F79DAB4F2C914C39AE4415D8 /* /Users/bernardocohen/repos/designPatternsJoshi/cpp/include/dpJoshi_bits/newtonRaphson.hpp */; };
		10D1188559DF45399225D6B8 /* /Users/bernardocohen/repos/designPatternsJoshi/cpp/src/parkMiller.cpp */ = {isa = PBXBuildFile; fileRef = 225FEB13B7534CBBAD73CFFA /* /Users/bernardocohen/repos/designPatternsJoshi/cpp/src/parkMiller.cpp */; };
		131BA851E7C84EC3842ACBE4 /* /Users/bernardocohen/repos/designPatternsJoshi/cpp/include/dpJoshi_bits/bsCall2.hpp */ = {isa = PBXBuildFile; fileRef = 8AF8C1BC1806423FB5EEC838 /* /Users/bernardocohen/repos/designPatternsJoshi/cpp/include/dpJoshi_bits/bsCall2.hpp */; };
		1B1162ADC4CD4EBBA142CCD5 /* /Users/bernardocohen/repos/designPatternsJoshi/cpp/include/dpJoshi_bits/wrapper.hpp */ = {isa = PBXBuildFile; fileRef = 5E8F850E95274AB5BE6A5612 /* /Users/bernardocohen/repos/designPatternsJoshi/cpp/include/dpJoshi_bits/wrapper.hpp */; };
		283601889E0941868E64C050 /* /Users/bernardocohen/repos/designPatternsJoshi/cpp/include/dpJoshi_bits/payoff3.hpp */ = {isa = PBXBuildFile; fileRef = 623C9EF2420745CFADC59993 /* /Users/bernardocohen/repos/designPatternsJoshi/cpp/include/dpJoshi_bits/payoff3.hpp */; };
		286F176EBC9A41DAB5F0E126 /* /Users/bernardocohen/repos/designPatternsJoshi/cpp/CMakeLists.txt */ = {isa = PBXBuildFile; fileRef = 6129C97C6DBE40628ACBBB38 /* /Users/bernardocohen/repos/designPatternsJoshi/cpp/CMakeLists.txt */; };
		2B0CA01B26E247919899000F /* /Users/bernardocohen/repos/designPatternsJoshi/cpp/src/treeProducts.cpp */ = {isa = PBXBuildFile; fileRef = 38A579A26F254B53805DDD2B /* /Users/bernardocohen/repos/designPatternsJoshi/cpp/src/treeProducts.cpp */; };
		2BD24D34223D45D8BD43B66A /* /Users/bernardocohen/repos/designPatternsJoshi/cpp/include/dpJoshi_bits/normals.hpp */ = {isa = PBXBuildFile; fileRef = 46D96FA91ADA4CBEB142AB4B /* /Users/bernardocohen/repos/designPatternsJoshi/cpp/include/dpJoshi_bits/normals.hpp */; };
		2FBB49AD07E0445D9753AAC3 /* /Users/bernardocohen/repos/designPatternsJoshi/cpp/src/pathDependent.cpp */ = {isa = PBXBuildFile; fileRef = AD3368AD93704FABA0CD1505 /* /Users/bernardocohen/repos/designPatternsJoshi/cpp/src/pathDependent.cpp */; };
		326E92309971411B9054EBEA /* /Users/bernardocohen/repos/designPatternsJoshi/cpp/include/dpJoshi_bits/bisection.hpp */ = {isa = PBXBuildFile; fileRef = 8B6F0AC677644948AEF53446 /* /Users/bernardocohen/repos/designPatternsJoshi/cpp/include/dpJoshi_bits/bisection.hpp */; };
		35A9FCD9EB7F4FF78A9F256E /* /Users/bernardocohen/repos/designPatternsJoshi/cpp/include/dpJoshi_bits/pathDependentAsian.hpp */ = {isa = PBXBuildFile; fileRef = 1761494AFCC94A67A5C223FF /* /Users/bernardocohen/repos/designPatternsJoshi/cpp/include/dpJoshi_bits/pathDependentAsian.hpp */; };
		37064709115249E282402457 /* /Users/bernardocohen/repos/designPatternsJoshi/cpp/src/normals.cpp */ = {isa = PBXBuildFile; fileRef = CDF9E3ADA9A14A6CB71657F4 /* /Users/bernardocohen/repos/designPatternsJoshi/cpp/src/normals.cpp */; };
		3A2D00D3C17845E8A8070D01 /* /Users/bernardocohen/repos/designPatternsJoshi/cpp/include/dpJoshi_bits/simpleMC.hpp */ = {isa = PBXBuildFile; fileRef = 32962200969D45CE9C87156E /* /Users/bernardocohen/repos/designPatternsJoshi/cpp/include/dpJoshi_bits/simpleMC.hpp */; };
		4BD953F55B924D3594EF1F22 /* /Users/bernardocohen/repos/designPatternsJoshi/cpp/include/dpJoshi_bits/payoff1.hpp */ = {isa = PBXBuildFile; fileRef = 73CC96FB2FDE49A0B97EAF04 /* /Users/bernardocohen/repos/designPatternsJoshi/cpp/include/dpJoshi_bits/payoff1.hpp */; };
		5152C1D4D86344DE8816948D /* /Users/bernardocohen/repos/designPatternsJoshi/cpp/include/dpJoshi_bits/arrays.hpp */ = {isa = PBXBuildFile; fileRef = 54CDBD8C7DB749969DFE6BD2 /* /Users/bernardocohen/repos/designPatternsJoshi/cpp/include/dpJoshi_bits/arrays.hpp */; };
		536982E0552049ADB5AA1ADF /* /Users/bernardocohen/repos/designPatternsJoshi/cpp/include/dpJoshi_bits/treeAmerican.hpp */ = {isa = PBXBuildFile; fileRef = 89EF1AF64B834AC8BDDFFA84 /* /Users/bernardocohen/repos/designPatternsJoshi/cpp/include/dpJoshi_bits/treeAmerican.hpp */; };
		53A86C1A04B1460FBDBF03AE /* /Users/bernardocohen/repos/designPatternsJoshi/cpp/src/bsCall.cpp */ = {isa = PBXBuildFile; fileRef = FB83FA6F15EE4798854C250D /* /Users/bernardocohen/repos/designPatternsJoshi/cpp/src/bsCall.cpp */; };
		53C5BB4BC48A4A66ABF95073 /* /Users/bernardocohen/repos/designPatternsJoshi/cpp/include/dpJoshi_bits/payoffBridge.hpp */ = {isa = PBXBuildFile; fileRef = C60B6BAF40F2458B880F233B /* /Users/bernardocohen/repos/designPatternsJoshi/cpp/include/dpJoshi_bits/payoffBridge.hpp */; };
		53E21E08C12B4339BCBA5305 /* /Users/bernardocohen/repos/designPatternsJoshi/cpp/include/dpJoshi_bits/exoticEngine.hpp */ = {isa = PBXBuildFile; fileRef = 4BB659D46F2C49B0822E99A3 /* /Users/bernardocohen/repos/designPatternsJoshi/cpp/include/dpJoshi_bits/exoticEngine.hpp */; };
		53F9B0C262BE436F913B92DF /* /Users/bernardocohen/repos/designPatternsJoshi/cpp/include/dpJoshi_bits/random1.hpp */ = {isa = PBXBuildFile; fileRef = 44F3AEE1FDB640DFB707E2D1 /* /Users/bernardocohen/repos/designPatternsJoshi/cpp/include/dpJoshi_bits/random1.hpp */; };
		549711BB5E144F088C74C8A2 /* /Users/bernardocohen/repos/designPatternsJoshi/cpp/include/dpJoshi_bits/antithetic.hpp */ = {isa = PBXBuildFile; fileRef = 5A6C53DD01D349B5BCCCCE9C /* /Users/bernardocohen/repos/designPatternsJoshi/cpp/include/dpJoshi_bits/antithetic.hpp */; };
		5B2069127B6E4E129E0C2E0A /* /Users/bernardocohen/repos/designPatternsJoshi/cpp/src/exoticEngine.cpp */ = {isa = PBXBuildFile; fileRef = 60E1E262B1644370AA84AE5C /* /Users/bernardocohen/repos/designPatternsJoshi/cpp/src/exoticEngine.cpp */; };
		5CD58BAF69B9469DB82DA52C /* /Users/bernardocohen/repos/designPatternsJoshi/cpp/include/dpJoshi_bits/blackScholesFormulas.hpp */ = {isa = PBXBuildFile; fileRef = E8D967C30AA84E09803EBCFC /* /Users/bernardocohen/repos/designPatternsJoshi/cpp/include/dpJoshi_bits/blackScholesFormulas.hpp */; };
		704384B6AA8041CE8A55B1E4 /* /Users/bernardocohen/repos/designPatternsJoshi/cpp/src/bsCall2.cpp */ = {isa = PBXBuildFile; fileRef = 6D174B4292514DA1AD712C6C /* /Users/bernardocohen/repos/designPatternsJoshi/cpp/src/bsCall2.cpp */; };
		749D58BE6C3B4AE396E10244 /* /Users/bernardocohen/repos/designPatternsJoshi/cpp/src/antithetic.cpp */ = {isa = PBXBuildFile; fileRef = F026DB5594D04200A4DA4B0D /* /Users/bernardocohen/repos/designPatternsJoshi/cpp/src/antithetic.cpp */; };
		78567ACF0938406EB50AA1DC /* /Users/bernardocohen/repos/designPatternsJoshi/cpp/include/dpJoshi_bits/mcStatistics.hpp */ = {isa = PBXBuildFile; fileRef = 49BDC8E8A3744A5F912DC73F /* /Users/bernardocohen/repos/designPatternsJoshi/cpp/include/dpJoshi_bits/mcStatistics.hpp */; };
		7948D3FA589D4262A4134261 /* /Users/bernardocohen/repos/designPatternsJoshi/cpp/src/mcStatistics.cpp */ = {isa = PBXBuildFile; fileRef = 37407720EAEF41F29BB122F3 /* /Users/bernardocohen/repos/designPatternsJoshi/cpp/src/mcStatistics.cpp */; };
		7AB9730B499B4ECB9C29A7F5 /* /Users/bernardocohen/repos/designPatternsJoshi/cpp/include/dpJoshi_bits/payoffForward.hpp */ = {isa = PBXBuildFile; fileRef = 0A1DA40EA6584118BFBA3550 /* /Users/bernardocohen/repos/designPatternsJoshi/cpp/include/dpJoshi_bits/payoffForward.hpp */; };
		7C377626726B477BA23AAD20 /* /Users/bernardocohen/repos/designPatternsJoshi/cpp/include/dpJoshi_bits/exoticBSEngine.hpp */ = {isa = PBXBuildFile; fileRef = 2E67F9EE5E0E4136B29CDEED /* /Users/bernardocohen/repos/designPatternsJoshi/cpp/include/dpJoshi_bits/exoticBSEngine.hpp */; };
		82CC387008434E649DCBEBD0 /* /Users/bernardocohen/repos/designPatternsJoshi/cpp/include/dpJoshi_bits/convergenceTable.hpp */ = {isa = PBXBuildFile; fileRef = 6F8DC2270D51498EB1E8A672 /* /Users/bernardocohen/repos/designPatternsJoshi/cpp/include/dpJoshi_bits/convergenceTable.hpp */; };
		8CDC768932E141BB86648004 /* /Users/bernardocohen/repos/designPatternsJoshi/cpp/include/dpJoshi_bits/vanilla3.hpp */ = {isa = PBXBuildFile; fileRef = 31233D359AB44331AAFFD5A7 /* /Users/bernardocohen/repos/designPatternsJoshi/cpp/include/dpJoshi_bits/vanilla3.hpp */; };
		8FEA7BD4F7D04F80914A4F2E /* /Users/bernardocohen/repos/designPatternsJoshi/cpp/src/random2.cpp */ = {isa = PBXBuildFile; fileRef = 9CAE3C12CFC84452BDFE0134 /* /Users/bernardocohen/repos/designPatternsJoshi/cpp/src/random2.cpp */; };
		904DFB86CC1E49C482575575 /* /Users/bernardocohen/repos/designPatternsJoshi/cpp/include/dpJoshi_bits/parkMiller.hpp */ = {isa = PBXBuildFile; fileRef = 25B3392B231842D98E179D2A /* /Users/bernardocohen/repos/designPatternsJoshi/cpp/include/dpJoshi_bits/parkMiller.hpp */; };
		92BE47BB0D36483B9DD4D150 /* /Users/bernardocohen/repos/designPatternsJoshi/cpp/include/dpJoshi_bits/treeProducts.hpp */ = {isa = PBXBuildFile; fileRef = 53E490B9605946E3BC4E97D8 /* /Users/bernardocohen/repos/designPatternsJoshi/cpp/include/dpJoshi_bits/treeProducts.hpp */; };
		968B72683E304AD59694CC7B /* /Users/bernardocohen/repos/designPatternsJoshi/cpp/include/dpJoshi_bits/parameters.hpp */ = {isa = PBXBuildFile; fileRef = E80153427BB94DFF9D4D7D4E /* /Users/bernardocohen/repos/designPatternsJoshi/cpp/include/dpJoshi_bits/parameters.hpp */; };
		9E7DD84D53314F56BBBDEFFA /* /Users/bernardocohen/repos/designPatternsJoshi/cpp/include/dpJoshi_bits/treeEuropean.hpp */ = {isa = PBXBuildFile; fileRef = 8573ABA5BB534A23A23370CA /* /Users/bernardocohen/repos/designPatternsJoshi/cpp/include/dpJoshi_bits/treeEuropean.hpp */; };
		9EC29657647F461F8FD98EB3 /* /Users/bernardocohen/repos/designPatternsJoshi/cpp/src/parameters.cpp */ = {isa = PBXBuildFile; fileRef = D7800BFB610E4FACB9CC5AEA /* /Users/bernardocohen/repos/designPatternsJoshi/cpp/src/parameters.cpp */; };
		A0A92829845B4C029A8659A5 /* /Users/bernardocohen/repos/designPatternsJoshi/cpp/src/pathDependentAsian.cpp */ = {isa = PBXBuildFile; fileRef = 17EC248074F94B31BFEAFEE6 /* /Users/bernardocohen/repos/designPatternsJoshi/cpp/src/pathDependentAsian.cpp */; };
		A9D7D8AA539144C895822F45 /* /Users/bernardocohen/repos/designPatternsJoshi/cpp/src/vanilla1.cpp */ = {isa = PBXBuildFile; fileRef = 1EBF128EFEEF4708B004561B /* /Users/bernardocohen/repos/designPatternsJoshi/cpp/src/vanilla1.cpp */; };
		AAAAA49BC4C24325950E6742 /* /Users/bernardocohen/repos/designPatternsJoshi/cpp/src/treeEuropean.cpp */ = {isa = PBXBuildFile; fileRef = 83B56B2353F549B89E2A6BEC /* /Users/bernardocohen/repos/designPatternsJoshi/cpp/src/treeEuropean.cpp */; };
		AC733F7C144B4C998A7AEE6B /* /Users/bernardocohen/repos/designPatternsJoshi/cpp/src/intro.cpp */ = {isa = PBXBuildFile; fileRef = DAECDC17E2EB4B4B9363B610 /* /Users/bernardocohen/repos/designPatternsJoshi/cpp/src/intro.cpp */; };
		AE96A2117EE64871AE322BD8 /* /Users/bernardocohen/repos/designPatternsJoshi/cpp/include/dpJoshi_bits/bsCall.hpp */ = {isa = PBXBuildFile; fileRef = 20037849706749F39E257419 /* /Users/bernardocohen/repos/designPatternsJoshi/cpp/include/dpJoshi_bits/bsCall.hpp */; };
		B4E3A0E644A947C79810646A /* /Users/bernardocohen/repos/designPatternsJoshi/cpp/src/random1.cpp */ = {isa = PBXBuildFile; fileRef = BBE2C0DA73474C3091E0216E /* /Users/bernardocohen/repos/designPatternsJoshi/cpp/src/random1.cpp */; };
		B56EC71FC63849AEB034A4DD /* /Users/bernardocohen/repos/designPatternsJoshi/cpp/src/exoticBSEngine.cpp */ = {isa = PBXBuildFile; fileRef = 247D0D295AD44E5089B2F270 /* /Users/bernardocohen/repos/designPatternsJoshi/cpp/src/exoticBSEngine.cpp */; };
		B67FF26331A34A46A53587E6 /* /Users/bernardocohen/repos/designPatternsJoshi/cpp/src/payoffForward.cpp */ = {isa = PBXBuildFile; fileRef = 645BB85011324BA585363D40 /* /Users/bernardocohen/repos/designPatternsJoshi/cpp/src/payoffForward.cpp */; };
		BEFE5D9CFBF84A67BD025B30 /* /Users/bernardocohen/repos/designPatternsJoshi/cpp/src/payoff1.cpp */ = {isa = PBXBuildFile; fileRef = B5A3942D14314C4A9DD9226A /* /Users/bernardocohen/repos/designPatternsJoshi/cpp/src/payoff1.cpp */; };
		C11545E682254A3A925C0F49 /* /Users/bernardocohen/repos/designPatternsJoshi/cpp/include/dpJoshi_bits/intro.hpp */ = {isa = PBXBuildFile; fileRef = EC012A7992C8400E9CB2D87F /* /Users/bernardocohen/repos/designPatternsJoshi/cpp/include/dpJoshi_bits/intro.hpp */; };
		C260119025CF4B13ABE60086 /* /Users/bernardocohen/repos/designPatternsJoshi/cpp/src/payoff2.cpp */ = {isa = PBXBuildFile; fileRef = F0F6EAA0C4744D9D9C9FDB72 /* /Users/bernardocohen/repos/designPatternsJoshi/cpp/src/payoff2.cpp */; };
		D381D611BE8D499D9A1803C0 /* /Users/bernardocohen/repos/designPatternsJoshi/cpp/src/binomialTree.cpp */ = {isa = PBXBuildFile; fileRef = 2B28AA900B554BB8879ABFF0 /* /Users/bernardocohen/repos/designPatternsJoshi/cpp/src/binomialTree.cpp */; };
		D3A9F156BEE24B1ABF9DBD1A /* /Users/bernardocohen/repos/designPatternsJoshi/cpp/src/vanilla2.cpp */ = {isa = PBXBuildFile; fileRef = 3EF5EC2B2C9B4C788877DFD7 /* /Users/bernardocohen/repos/designPatternsJoshi/cpp/src/vanilla2.cpp */; };
		D49372C7376F437EA726E2DE /* /Users/bernardocohen/repos/designPatternsJoshi/cpp/include/dpJoshi_bits/pathDependent.hpp */ = {isa = PBXBuildFile; fileRef = A90B1147A44E4C8A8A9C93E7 /* /Users/bernardocohen/repos/designPatternsJoshi/cpp/include/dpJoshi_bits/pathDependent.hpp */; };
		DB33A41329FC49A88CF81048 /* /Users/bernardocohen/repos/designPatternsJoshi/cpp/include/dpJoshi_bits/binomialTree.hpp */ = {isa = PBXBuildFile; fileRef = D27283D8819743F69B844934 /* /Users/bernardocohen/repos/designPatternsJoshi/cpp/include/dpJoshi_bits/binomialTree.hpp */; };
		EC608B7A66F843BE9AAD12DC /* /Users/bernardocohen/repos/designPatternsJoshi/cpp/src/simpleMC.cpp */ = {isa = PBXBuildFile; fileRef = E96CFFD0E5084086B18EFADA /* /Users/bernardocohen/repos/designPatternsJoshi/cpp/src/simpleMC.cpp */; };
		EE6C082272154ACA9A1F089D /* /Users/bernardocohen/repos/designPatternsJoshi/cpp/include/dpJoshi_bits/payoff2.hpp */ = {isa = PBXBuildFile; fileRef = 1E8A677C7F614E468D9609D0 /* /Users/bernardocohen/repos/designPatternsJoshi/cpp/include/dpJoshi_bits/payoff2.hpp */; };
		F3FDC7DE795E4A65A569F374 /* /Users/bernardocohen/repos/designPatternsJoshi/cpp/src/convergenceTable.cpp */ = {isa = PBXBuildFile; fileRef = 0F6EDDBEC031492F98123F31 /* /Users/bernardocohen/repos/designPatternsJoshi/cpp/src/convergenceTable.cpp */; };
		F47A1E23BC234FC58FA86382 /* /Users/bernardocohen/repos/designPatternsJoshi/cpp/include/dpJoshi_bits/vanilla1.hpp */ = {isa = PBXBuildFile; fileRef = 51A328ED8B144A8D8AB76A34 /* /Users/bernardocohen/repos/designPatternsJoshi/cpp/include/dpJoshi_bits/vanilla1.hpp */; };
		F71DE5FAAB724D80BA657161 /* /Users/bernardocohen/repos/designPatternsJoshi/cpp/src/payoffBridge.cpp */ = {isa = PBXBuildFile; fileRef = 7E4964787FA84EC8B957B426 /* /Users/bernardocohen/repos/designPatternsJoshi/cpp/src/payoffBridge.cpp */; };
		FA7C2F810C61486C9182642D /* /Users/bernardocohen/repos/designPatternsJoshi/cpp/include/dpJoshi_bits/vanilla2.hpp */ = {isa = PBXBuildFile; fileRef = 5D46590D93944E37A5DB4FB6 /* /Users/bernardocohen/repos/designPatternsJoshi/cpp/include/dpJoshi_bits/vanilla2.hpp */; };
		FC5622755EFD442CB45B7FD3 /* /Users/bernardocohen/repos/designPatternsJoshi/cpp/src/treeAmerican.cpp */ = {isa = PBXBuildFile; fileRef = AA849BF91BA345E2B54A1D96 /* /Users/bernardocohen/repos/designPatternsJoshi/cpp/src/treeAmerican.cpp */; };
		FD8CBDF0E32D40BBA1C3FFF9 /* /Users/bernardocohen/repos/designPatternsJoshi/cpp/src/payoff3.cpp */ = {isa = PBXBuildFile; fileRef = 4417CC3F236A40DEB9C1A84A /* /Users/bernardocohen/repos/designPatternsJoshi/cpp/src/payoff3.cpp */; };
/* End PBXBuildFile section */

/* Begin PBXBuildStyle section */
		4465450D773844FAA41F342F /* RelWithDebInfo */ = {
			isa = PBXBuildStyle;
			buildSettings = {
				COPY_PHASE_STRIP = NO;
			};
			name = RelWithDebInfo;
		};
		8E1DE509CEF846649A0A6738 /* MinSizeRel */ = {
			isa = PBXBuildStyle;
			buildSettings = {
				COPY_PHASE_STRIP = NO;
			};
			name = MinSizeRel;
		};
		92D0B7FBD4C54F04B6217681 /* Release */ = {
			isa = PBXBuildStyle;
			buildSettings = {
				COPY_PHASE_STRIP = NO;
			};
			name = Release;
		};
		E868A0A1A74B43339296FE08 /* Debug */ = {
			isa = PBXBuildStyle;
			buildSettings = {
				COPY_PHASE_STRIP = NO;
			};
			name = Debug;
		};
/* End PBXBuildStyle section */

/* Begin PBXContainerItemProxy section */
		7DFD7FFC367E4302A546378A /* PBXContainerItemProxy */ = {
			isa = PBXContainerItemProxy;
			containerPortal = EB5F0AF96B7040BF87E84C9D /* Project object */;
			proxyType = 1;
			remoteGlobalIDString = B87428A0020F41D9BD076382;
			remoteInfo = ALL_BUILD;
		};
		B8D02DB9B0324C65BF51CEEF /* PBXContainerItemProxy */ = {
			isa = PBXContainerItemProxy;
			containerPortal = EB5F0AF96B7040BF87E84C9D /* Project object */;
			proxyType = 1;
			remoteGlobalIDString = 226D61337FAB4487AF3AE96A;
			remoteInfo = ZERO_CHECK;
		};
		DE0B7C5261284284A1328BF9 /* PBXContainerItemProxy */ = {
			isa = PBXContainerItemProxy;
			containerPortal = EB5F0AF96B7040BF87E84C9D /* Project object */;
			proxyType = 1;
			remoteGlobalIDString = 92D5E7DBA64B49E4B50A3962;
			remoteInfo = dpJoshi;
		};
		E99F94F87328498EB97C6076 /* PBXContainerItemProxy */ = {
			isa = PBXContainerItemProxy;
			containerPortal = EB5F0AF96B7040BF87E84C9D /* Project object */;
			proxyType = 1;
			remoteGlobalIDString = 226D61337FAB4487AF3AE96A;
			remoteInfo = ZERO_CHECK;
		};
/* End PBXContainerItemProxy section */

/* Begin PBXFileReference section */
		0A1DA40EA6584118BFBA3550 /* /Users/bernardocohen/repos/designPatternsJoshi/cpp/include/dpJoshi_bits/payoffForward.hpp */ = {isa = PBXFileReference; explicitFileType = sourcecode.cpp.h; fileEncoding = 4; name = payoffForward.hpp; path = include/dpJoshi_bits/payoffForward.hpp; sourceTree = SOURCE_ROOT; };
		0F6EDDBEC031492F98123F31 /* /Users/bernardocohen/repos/designPatternsJoshi/cpp/src/convergenceTable.cpp */ = {isa = PBXFileReference; explicitFileType = sourcecode.cpp.cpp; fileEncoding = 4; name = convergenceTable.cpp; path = src/convergenceTable.cpp; sourceTree = SOURCE_ROOT; };
		1761494AFCC94A67A5C223FF /* /Users/bernardocohen/repos/designPatternsJoshi/cpp/include/dpJoshi_bits/pathDependentAsian.hpp */ = {isa = PBXFileReference; explicitFileType = sourcecode.cpp.h; fileEncoding = 4; name = pathDependentAsian.hpp; path = include/dpJoshi_bits/pathDependentAsian.hpp; sourceTree = SOURCE_ROOT; };
		17EC248074F94B31BFEAFEE6 /* /Users/bernardocohen/repos/designPatternsJoshi/cpp/src/pathDependentAsian.cpp */ = {isa = PBXFileReference; explicitFileType = sourcecode.cpp.cpp; fileEncoding = 4; name = pathDependentAsian.cpp; path = src/pathDependentAsian.cpp; sourceTree = SOURCE_ROOT; };
		1E8A677C7F614E468D9609D0 /* /Users/bernardocohen/repos/designPatternsJoshi/cpp/include/dpJoshi_bits/payoff2.hpp */ = {isa = PBXFileReference; explicitFileType = sourcecode.cpp.h; fileEncoding = 4; name = payoff2.hpp; path = include/dpJoshi_bits/payoff2.hpp; sourceTree = SOURCE_ROOT; };
		1EBF128EFEEF4708B004561B /* /Users/bernardocohen/repos/designPatternsJoshi/cpp/src/vanilla1.cpp */ = {isa = PBXFileReference; explicitFileType = sourcecode.cpp.cpp; fileEncoding = 4; name = vanilla1.cpp; path = src/vanilla1.cpp; sourceTree = SOURCE_ROOT; };
		20037849706749F39E257419 /* /Users/bernardocohen/repos/designPatternsJoshi/cpp/include/dpJoshi_bits/bsCall.hpp */ = {isa = PBXFileReference; explicitFileType = sourcecode.cpp.h; fileEncoding = 4; name = bsCall.hpp; path = include/dpJoshi_bits/bsCall.hpp; sourceTree = SOURCE_ROOT; };
		225FEB13B7534CBBAD73CFFA /* /Users/bernardocohen/repos/designPatternsJoshi/cpp/src/parkMiller.cpp */ = {isa = PBXFileReference; explicitFileType = sourcecode.cpp.cpp; fileEncoding = 4; name = parkMiller.cpp; path = src/parkMiller.cpp; sourceTree = SOURCE_ROOT; };
		2424513DC40647C1B053E8CD /* /Users/bernardocohen/repos/designPatternsJoshi/cpp/src/arrays.cpp */ = {isa = PBXFileReference; explicitFileType = sourcecode.cpp.cpp; fileEncoding = 4; name = arrays.cpp; path = src/arrays.cpp; sourceTree = SOURCE_ROOT; };
		247D0D295AD44E5089B2F270 /* /Users/bernardocohen/repos/designPatternsJoshi/cpp/src/exoticBSEngine.cpp */ = {isa = PBXFileReference; explicitFileType = sourcecode.cpp.cpp; fileEncoding = 4; name = exoticBSEngine.cpp; path = src/exoticBSEngine.cpp; sourceTree = SOURCE_ROOT; };
		25B3392B231842D98E179D2A /* /Users/bernardocohen/repos/designPatternsJoshi/cpp/include/dpJoshi_bits/parkMiller.hpp */ = {isa = PBXFileReference; explicitFileType = sourcecode.cpp.h; fileEncoding = 4; name = parkMiller.hpp; path = include/dpJoshi_bits/parkMiller.hpp; sourceTree = SOURCE_ROOT; };
		2B28AA900B554BB8879ABFF0 /* /Users/bernardocohen/repos/designPatternsJoshi/cpp/src/binomialTree.cpp */ = {isa = PBXFileReference; explicitFileType = sourcecode.cpp.cpp; fileEncoding = 4; name = binomialTree.cpp; path = src/binomialTree.cpp; sourceTree = SOURCE_ROOT; };
		2E67F9EE5E0E4136B29CDEED /* /Users/bernardocohen/repos/designPatternsJoshi/cpp/include/dpJoshi_bits/exoticBSEngine.hpp */ = {isa = PBXFileReference; explicitFileType = sourcecode.cpp.h; fileEncoding = 4; name = exoticBSEngine.hpp; path = include/dpJoshi_bits/exoticBSEngine.hpp; sourceTree = SOURCE_ROOT; };
		31233D359AB44331AAFFD5A7 /* /Users/bernardocohen/repos/designPatternsJoshi/cpp/include/dpJoshi_bits/vanilla3.hpp */ = {isa = PBXFileReference; explicitFileType = sourcecode.cpp.h; fileEncoding = 4; name = vanilla3.hpp; path = include/dpJoshi_bits/vanilla3.hpp; sourceTree = SOURCE_ROOT; };
		32962200969D45CE9C87156E /* /Users/bernardocohen/repos/designPatternsJoshi/cpp/include/dpJoshi_bits/simpleMC.hpp */ = {isa = PBXFileReference; explicitFileType = sourcecode.cpp.h; fileEncoding = 4; name = simpleMC.hpp; path = include/dpJoshi_bits/simpleMC.hpp; sourceTree = SOURCE_ROOT; };
		34DBF4F22C554A0EAE4939EB /* /Users/bernardocohen/repos/designPatternsJoshi/cpp/include/dpJoshi_bits/random2.hpp */ = {isa = PBXFileReference; explicitFileType = sourcecode.cpp.h; fileEncoding = 4; name = random2.hpp; path = include/dpJoshi_bits/random2.hpp; sourceTree = SOURCE_ROOT; };
		37407720EAEF41F29BB122F3 /* /Users/bernardocohen/repos/designPatternsJoshi/cpp/src/mcStatistics.cpp */ = {isa = PBXFileReference; explicitFileType = sourcecode.cpp.cpp; fileEncoding = 4; name = mcStatistics.cpp; path = src/mcStatistics.cpp; sourceTree = SOURCE_ROOT; };
		38A579A26F254B53805DDD2B /* /Users/bernardocohen/repos/designPatternsJoshi/cpp/src/treeProducts.cpp */ = {isa = PBXFileReference; explicitFileType = sourcecode.cpp.cpp; fileEncoding = 4; name = treeProducts.cpp; path = src/treeProducts.cpp; sourceTree = SOURCE_ROOT; };
		3EF5EC2B2C9B4C788877DFD7 /* /Users/bernardocohen/repos/designPatternsJoshi/cpp/src/vanilla2.cpp */ = {isa = PBXFileReference; explicitFileType = sourcecode.cpp.cpp; fileEncoding = 4; name = vanilla2.cpp; path = src/vanilla2.cpp; sourceTree = SOURCE_ROOT; };
		4417CC3F236A40DEB9C1A84A /* /Users/bernardocohen/repos/designPatternsJoshi/cpp/src/payoff3.cpp */ = {isa = PBXFileReference; explicitFileType = sourcecode.cpp.cpp; fileEncoding = 4; name = payoff3.cpp; path = src/payoff3.cpp; sourceTree = SOURCE_ROOT; };
		44F3AEE1FDB640DFB707E2D1 /* /Users/bernardocohen/repos/designPatternsJoshi/cpp/include/dpJoshi_bits/random1.hpp */ = {isa = PBXFileReference; explicitFileType = sourcecode.cpp.h; fileEncoding = 4; name = random1.hpp; path = include/dpJoshi_bits/random1.hpp; sourceTree = SOURCE_ROOT; };
		46D96FA91ADA4CBEB142AB4B /* /Users/bernardocohen/repos/designPatternsJoshi/cpp/include/dpJoshi_bits/normals.hpp */ = {isa = PBXFileReference; explicitFileType = sourcecode.cpp.h; fileEncoding = 4; name = normals.hpp; path = include/dpJoshi_bits/normals.hpp; sourceTree = SOURCE_ROOT; };
		49BDC8E8A3744A5F912DC73F /* /Users/bernardocohen/repos/designPatternsJoshi/cpp/include/dpJoshi_bits/mcStatistics.hpp */ = {isa = PBXFileReference; explicitFileType = sourcecode.cpp.h; fileEncoding = 4; name = mcStatistics.hpp; path = include/dpJoshi_bits/mcStatistics.hpp; sourceTree = SOURCE_ROOT; };
		4BB659D46F2C49B0822E99A3 /* /Users/bernardocohen/repos/designPatternsJoshi/cpp/include/dpJoshi_bits/exoticEngine.hpp */ = {isa = PBXFileReference; explicitFileType = sourcecode.cpp.h; fileEncoding = 4; name = exoticEngine.hpp; path = include/dpJoshi_bits/exoticEngine.hpp; sourceTree = SOURCE_ROOT; };
		51A328ED8B144A8D8AB76A34 /* /Users/bernardocohen/repos/designPatternsJoshi/cpp/include/dpJoshi_bits/vanilla1.hpp */ = {isa = PBXFileReference; explicitFileType = sourcecode.cpp.h; fileEncoding = 4; name = vanilla1.hpp; path = include/dpJoshi_bits/vanilla1.hpp; sourceTree = SOURCE_ROOT; };
		53E490B9605946E3BC4E97D8 /* /Users/bernardocohen/repos/designPatternsJoshi/cpp/include/dpJoshi_bits/treeProducts.hpp */ = {isa = PBXFileReference; explicitFileType = sourcecode.cpp.h; fileEncoding = 4; name = treeProducts.hpp; path = include/dpJoshi_bits/treeProducts.hpp; sourceTree = SOURCE_ROOT; };
		54CDBD8C7DB749969DFE6BD2 /* /Users/bernardocohen/repos/designPatternsJoshi/cpp/include/dpJoshi_bits/arrays.hpp */ = {isa = PBXFileReference; explicitFileType = sourcecode.cpp.h; fileEncoding = 4; name = arrays.hpp; path = include/dpJoshi_bits/arrays.hpp; sourceTree = SOURCE_ROOT; };
		5A6C53DD01D349B5BCCCCE9C /* /Users/bernardocohen/repos/designPatternsJoshi/cpp/include/dpJoshi_bits/antithetic.hpp */ = {isa = PBXFileReference; explicitFileType = sourcecode.cpp.h; fileEncoding = 4; name = antithetic.hpp; path = include/dpJoshi_bits/antithetic.hpp; sourceTree = SOURCE_ROOT; };
		5D46590D93944E37A5DB4FB6 /* /Users/bernardocohen/repos/designPatternsJoshi/cpp/include/dpJoshi_bits/vanilla2.hpp */ = {isa = PBXFileReference; explicitFileType = sourcecode.cpp.h; fileEncoding = 4; name = vanilla2.hpp; path = include/dpJoshi_bits/vanilla2.hpp; sourceTree = SOURCE_ROOT; };
		5E8F850E95274AB5BE6A5612 /* /Users/bernardocohen/repos/designPatternsJoshi/cpp/include/dpJoshi_bits/wrapper.hpp */ = {isa = PBXFileReference; explicitFileType = sourcecode.cpp.h; fileEncoding = 4; name = wrapper.hpp; path = include/dpJoshi_bits/wrapper.hpp; sourceTree = SOURCE_ROOT; };
		60E1E262B1644370AA84AE5C /* /Users/bernardocohen/repos/designPatternsJoshi/cpp/src/exoticEngine.cpp */ = {isa = PBXFileReference; explicitFileType = sourcecode.cpp.cpp; fileEncoding = 4; name = exoticEngine.cpp; path = src/exoticEngine.cpp; sourceTree = SOURCE_ROOT; };
		6129C97C6DBE40628ACBBB38 /* /Users/bernardocohen/repos/designPatternsJoshi/cpp/CMakeLists.txt */ = {isa = PBXFileReference; explicitFileType = sourcecode.text; fileEncoding = 4; name = CMakeLists.txt; path = CMakeLists.txt; sourceTree = SOURCE_ROOT; };
		623C9EF2420745CFADC59993 /* /Users/bernardocohen/repos/designPatternsJoshi/cpp/include/dpJoshi_bits/payoff3.hpp */ = {isa = PBXFileReference; explicitFileType = sourcecode.cpp.h; fileEncoding = 4; name = payoff3.hpp; path = include/dpJoshi_bits/payoff3.hpp; sourceTree = SOURCE_ROOT; };
		645BB85011324BA585363D40 /* /Users/bernardocohen/repos/designPatternsJoshi/cpp/src/payoffForward.cpp */ = {isa = PBXFileReference; explicitFileType = sourcecode.cpp.cpp; fileEncoding = 4; name = payoffForward.cpp; path = src/payoffForward.cpp; sourceTree = SOURCE_ROOT; };
		6D174B4292514DA1AD712C6C /* /Users/bernardocohen/repos/designPatternsJoshi/cpp/src/bsCall2.cpp */ = {isa = PBXFileReference; explicitFileType = sourcecode.cpp.cpp; fileEncoding = 4; name = bsCall2.cpp; path = src/bsCall2.cpp; sourceTree = SOURCE_ROOT; };
		6F8DC2270D51498EB1E8A672 /* /Users/bernardocohen/repos/designPatternsJoshi/cpp/include/dpJoshi_bits/convergenceTable.hpp */ = {isa = PBXFileReference; explicitFileType = sourcecode.cpp.h; fileEncoding = 4; name = convergenceTable.hpp; path = include/dpJoshi_bits/convergenceTable.hpp; sourceTree = SOURCE_ROOT; };
		73CC96FB2FDE49A0B97EAF04 /* /Users/bernardocohen/repos/designPatternsJoshi/cpp/include/dpJoshi_bits/payoff1.hpp */ = {isa = PBXFileReference; explicitFileType = sourcecode.cpp.h; fileEncoding = 4; name = payoff1.hpp; path = include/dpJoshi_bits/payoff1.hpp; sourceTree = SOURCE_ROOT; };
		7E4964787FA84EC8B957B426 /* /Users/bernardocohen/repos/designPatternsJoshi/cpp/src/payoffBridge.cpp */ = {isa = PBXFileReference; explicitFileType = sourcecode.cpp.cpp; fileEncoding = 4; name = payoffBridge.cpp; path = src/payoffBridge.cpp; sourceTree = SOURCE_ROOT; };
		83B56B2353F549B89E2A6BEC /* /Users/bernardocohen/repos/designPatternsJoshi/cpp/src/treeEuropean.cpp */ = {isa = PBXFileReference; explicitFileType = sourcecode.cpp.cpp; fileEncoding = 4; name = treeEuropean.cpp; path = src/treeEuropean.cpp; sourceTree = SOURCE_ROOT; };
		8573ABA5BB534A23A23370CA /* /Users/bernardocohen/repos/designPatternsJoshi/cpp/include/dpJoshi_bits/treeEuropean.hpp */ = {isa = PBXFileReference; explicitFileType = sourcecode.cpp.h; fileEncoding = 4; name = treeEuropean.hpp; path = include/dpJoshi_bits/treeEuropean.hpp; sourceTree = SOURCE_ROOT; };
		89EF1AF64B834AC8BDDFFA84 /* /Users/bernardocohen/repos/designPatternsJoshi/cpp/include/dpJoshi_bits/treeAmerican.hpp */ = {isa = PBXFileReference; explicitFileType = sourcecode.cpp.h; fileEncoding = 4; name = treeAmerican.hpp; path = include/dpJoshi_bits/treeAmerican.hpp; sourceTree = SOURCE_ROOT; };
		8AF8C1BC1806423FB5EEC838 /* /Users/bernardocohen/repos/designPatternsJoshi/cpp/include/dpJoshi_bits/bsCall2.hpp */ = {isa = PBXFileReference; explicitFileType = sourcecode.cpp.h; fileEncoding = 4; name = bsCall2.hpp; path = include/dpJoshi_bits/bsCall2.hpp; sourceTree = SOURCE_ROOT; };
		8B6F0AC677644948AEF53446 /* /Users/bernardocohen/repos/designPatternsJoshi/cpp/include/dpJoshi_bits/bisection.hpp */ = {isa = PBXFileReference; explicitFileType = sourcecode.cpp.h; fileEncoding = 4; name = bisection.hpp; path = include/dpJoshi_bits/bisection.hpp; sourceTree = SOURCE_ROOT; };
		91E40CBA5E6548BE88670F64 /* /Users/bernardocohen/repos/designPatternsJoshi/cpp/CMakeLists.txt */ = {isa = PBXFileReference; explicitFileType = sourcecode.text; fileEncoding = 4; name = CMakeLists.txt; path = CMakeLists.txt; sourceTree = SOURCE_ROOT; };
		9CAE3C12CFC84452BDFE0134 /* /Users/bernardocohen/repos/designPatternsJoshi/cpp/src/random2.cpp */ = {isa = PBXFileReference; explicitFileType = sourcecode.cpp.cpp; fileEncoding = 4; name = random2.cpp; path = src/random2.cpp; sourceTree = SOURCE_ROOT; };
		A90B1147A44E4C8A8A9C93E7 /* /Users/bernardocohen/repos/designPatternsJoshi/cpp/include/dpJoshi_bits/pathDependent.hpp */ = {isa = PBXFileReference; explicitFileType = sourcecode.cpp.h; fileEncoding = 4; name = pathDependent.hpp; path = include/dpJoshi_bits/pathDependent.hpp; sourceTree = SOURCE_ROOT; };
		AA849BF91BA345E2B54A1D96 /* /Users/bernardocohen/repos/designPatternsJoshi/cpp/src/treeAmerican.cpp */ = {isa = PBXFileReference; explicitFileType = sourcecode.cpp.cpp; fileEncoding = 4; name = treeAmerican.cpp; path = src/treeAmerican.cpp; sourceTree = SOURCE_ROOT; };
		AD3368AD93704FABA0CD1505 /* /Users/bernardocohen/repos/designPatternsJoshi/cpp/src/pathDependent.cpp */ = {isa = PBXFileReference; explicitFileType = sourcecode.cpp.cpp; fileEncoding = 4; name = pathDependent.cpp; path = src/pathDependent.cpp; sourceTree = SOURCE_ROOT; };
		B5A3942D14314C4A9DD9226A /* /Users/bernardocohen/repos/designPatternsJoshi/cpp/src/payoff1.cpp */ = {isa = PBXFileReference; explicitFileType = sourcecode.cpp.cpp; fileEncoding = 4; name = payoff1.cpp; path = src/payoff1.cpp; sourceTree = SOURCE_ROOT; };
		B6106D1265A449C393B835F7 /* dpJoshi */ = {isa = PBXFileReference; explicitFileType = "compiled.mach-o.dylib"; path = libdpJoshi.dylib; sourceTree = BUILT_PRODUCTS_DIR; };
		B9D0474640EA48DD947C9083 /* /Users/bernardocohen/repos/designPatternsJoshi/cpp/src/vanilla3.cpp */ = {isa = PBXFileReference; explicitFileType = sourcecode.cpp.cpp; fileEncoding = 4; name = vanilla3.cpp; path = src/vanilla3.cpp; sourceTree = SOURCE_ROOT; };
		BBE2C0DA73474C3091E0216E /* /Users/bernardocohen/repos/designPatternsJoshi/cpp/src/random1.cpp */ = {isa = PBXFileReference; explicitFileType = sourcecode.cpp.cpp; fileEncoding = 4; name = random1.cpp; path = src/random1.cpp; sourceTree = SOURCE_ROOT; };
		C60B6BAF40F2458B880F233B /* /Users/bernardocohen/repos/designPatternsJoshi/cpp/include/dpJoshi_bits/payoffBridge.hpp */ = {isa = PBXFileReference; explicitFileType = sourcecode.cpp.h; fileEncoding = 4; name = payoffBridge.hpp; path = include/dpJoshi_bits/payoffBridge.hpp; sourceTree = SOURCE_ROOT; };
		CDF9E3ADA9A14A6CB71657F4 /* /Users/bernardocohen/repos/designPatternsJoshi/cpp/src/normals.cpp */ = {isa = PBXFileReference; explicitFileType = sourcecode.cpp.cpp; fileEncoding = 4; name = normals.cpp; path = src/normals.cpp; sourceTree = SOURCE_ROOT; };
		D27283D8819743F69B844934 /* /Users/bernardocohen/repos/designPatternsJoshi/cpp/include/dpJoshi_bits/binomialTree.hpp */ = {isa = PBXFileReference; explicitFileType = sourcecode.cpp.h; fileEncoding = 4; name = binomialTree.hpp; path = include/dpJoshi_bits/binomialTree.hpp; sourceTree = SOURCE_ROOT; };
		D7800BFB610E4FACB9CC5AEA /* /Users/bernardocohen/repos/designPatternsJoshi/cpp/src/parameters.cpp */ = {isa = PBXFileReference; explicitFileType = sourcecode.cpp.cpp; fileEncoding = 4; name = parameters.cpp; path = src/parameters.cpp; sourceTree = SOURCE_ROOT; };
		DAECDC17E2EB4B4B9363B610 /* /Users/bernardocohen/repos/designPatternsJoshi/cpp/src/intro.cpp */ = {isa = PBXFileReference; explicitFileType = sourcecode.cpp.cpp; fileEncoding = 4; name = intro.cpp; path = src/intro.cpp; sourceTree = SOURCE_ROOT; };
		E80153427BB94DFF9D4D7D4E /* /Users/bernardocohen/repos/designPatternsJoshi/cpp/include/dpJoshi_bits/parameters.hpp */ = {isa = PBXFileReference; explicitFileType = sourcecode.cpp.h; fileEncoding = 4; name = parameters.hpp; path = include/dpJoshi_bits/parameters.hpp; sourceTree = SOURCE_ROOT; };
		E8D967C30AA84E09803EBCFC /* /Users/bernardocohen/repos/designPatternsJoshi/cpp/include/dpJoshi_bits/blackScholesFormulas.hpp */ = {isa = PBXFileReference; explicitFileType = sourcecode.cpp.h; fileEncoding = 4; name = blackScholesFormulas.hpp; path = include/dpJoshi_bits/blackScholesFormulas.hpp; sourceTree = SOURCE_ROOT; };
		E96CFFD0E5084086B18EFADA /* /Users/bernardocohen/repos/designPatternsJoshi/cpp/src/simpleMC.cpp */ = {isa = PBXFileReference; explicitFileType = sourcecode.cpp.cpp; fileEncoding = 4; name = simpleMC.cpp; path = src/simpleMC.cpp; sourceTree = SOURCE_ROOT; };
		EC012A7992C8400E9CB2D87F /* /Users/bernardocohen/repos/designPatternsJoshi/cpp/include/dpJoshi_bits/intro.hpp */ = {isa = PBXFileReference; explicitFileType = sourcecode.cpp.h; fileEncoding = 4; name = intro.hpp; path = include/dpJoshi_bits/intro.hpp; sourceTree = SOURCE_ROOT; };
		F026DB5594D04200A4DA4B0D /* /Users/bernardocohen/repos/designPatternsJoshi/cpp/src/antithetic.cpp */ = {isa = PBXFileReference; explicitFileType = sourcecode.cpp.cpp; fileEncoding = 4; name = antithetic.cpp; path = src/antithetic.cpp; sourceTree = SOURCE_ROOT; };
		F0F6EAA0C4744D9D9C9FDB72 /* /Users/bernardocohen/repos/designPatternsJoshi/cpp/src/payoff2.cpp */ = {isa = PBXFileReference; explicitFileType = sourcecode.cpp.cpp; fileEncoding = 4; name = payoff2.cpp; path = src/payoff2.cpp; sourceTree = SOURCE_ROOT; };
		F790B275F04145649224D84D /* /Users/bernardocohen/repos/designPatternsJoshi/cpp/src/blackScholesFormulas.cpp */ = {isa = PBXFileReference; explicitFileType = sourcecode.cpp.cpp; fileEncoding = 4; name = blackScholesFormulas.cpp; path = src/blackScholesFormulas.cpp; sourceTree = SOURCE_ROOT; };
		F79DAB4F2C914C39AE4415D8 /* /Users/bernardocohen/repos/designPatternsJoshi/cpp/include/dpJoshi_bits/newtonRaphson.hpp */ = {isa = PBXFileReference; explicitFileType = sourcecode.cpp.h; fileEncoding = 4; name = newtonRaphson.hpp; path = include/dpJoshi_bits/newtonRaphson.hpp; sourceTree = SOURCE_ROOT; };
		FB83FA6F15EE4798854C250D /* /Users/bernardocohen/repos/designPatternsJoshi/cpp/src/bsCall.cpp */ = {isa = PBXFileReference; explicitFileType = sourcecode.cpp.cpp; fileEncoding = 4; name = bsCall.cpp; path = src/bsCall.cpp; sourceTree = SOURCE_ROOT; };
/* End PBXFileReference section */

/* Begin PBXFrameworksBuildPhase section */
		29CCDFCE5890409BA9EB557E /* Frameworks */ = {
			isa = PBXFrameworksBuildPhase;
			buildActionMask = 2147483647;
			files = (
			);
			runOnlyForDeploymentPostprocessing = 0;
		};
/* End PBXFrameworksBuildPhase section */

/* Begin PBXGroup section */
		225DD80359CD4D08B6601F1F /* Products */ = {
			isa = PBXGroup;
			children = (
				B6106D1265A449C393B835F7 /* dpJoshi */,
			);
			name = Products;
			sourceTree = "<group>";
		};
		2E5C946E01184B55ADF02419 /* Frameworks */ = {
			isa = PBXGroup;
			children = (
			);
			name = Frameworks;
			sourceTree = "<group>";
		};
		51546E002FE24BBA81A897A1 /* dpJoshi_bits */ = {
			isa = PBXGroup;
			children = (
				5A6C53DD01D349B5BCCCCE9C /* /Users/bernardocohen/repos/designPatternsJoshi/cpp/include/dpJoshi_bits/antithetic.hpp */,
				54CDBD8C7DB749969DFE6BD2 /* /Users/bernardocohen/repos/designPatternsJoshi/cpp/include/dpJoshi_bits/arrays.hpp */,
				D27283D8819743F69B844934 /* /Users/bernardocohen/repos/designPatternsJoshi/cpp/include/dpJoshi_bits/binomialTree.hpp */,
				8B6F0AC677644948AEF53446 /* /Users/bernardocohen/repos/designPatternsJoshi/cpp/include/dpJoshi_bits/bisection.hpp */,
				E8D967C30AA84E09803EBCFC /* /Users/bernardocohen/repos/designPatternsJoshi/cpp/include/dpJoshi_bits/blackScholesFormulas.hpp */,
				20037849706749F39E257419 /* /Users/bernardocohen/repos/designPatternsJoshi/cpp/include/dpJoshi_bits/bsCall.hpp */,
				8AF8C1BC1806423FB5EEC838 /* /Users/bernardocohen/repos/designPatternsJoshi/cpp/include/dpJoshi_bits/bsCall2.hpp */,
				6F8DC2270D51498EB1E8A672 /* /Users/bernardocohen/repos/designPatternsJoshi/cpp/include/dpJoshi_bits/convergenceTable.hpp */,
				2E67F9EE5E0E4136B29CDEED /* /Users/bernardocohen/repos/designPatternsJoshi/cpp/include/dpJoshi_bits/exoticBSEngine.hpp */,
				4BB659D46F2C49B0822E99A3 /* /Users/bernardocohen/repos/designPatternsJoshi/cpp/include/dpJoshi_bits/exoticEngine.hpp */,
				EC012A7992C8400E9CB2D87F /* /Users/bernardocohen/repos/designPatternsJoshi/cpp/include/dpJoshi_bits/intro.hpp */,
				49BDC8E8A3744A5F912DC73F /* /Users/bernardocohen/repos/designPatternsJoshi/cpp/include/dpJoshi_bits/mcStatistics.hpp */,
				F79DAB4F2C914C39AE4415D8 /* /Users/bernardocohen/repos/designPatternsJoshi/cpp/include/dpJoshi_bits/newtonRaphson.hpp */,
				46D96FA91ADA4CBEB142AB4B /* /Users/bernardocohen/repos/designPatternsJoshi/cpp/include/dpJoshi_bits/normals.hpp */,
				E80153427BB94DFF9D4D7D4E /* /Users/bernardocohen/repos/designPatternsJoshi/cpp/include/dpJoshi_bits/parameters.hpp */,
				25B3392B231842D98E179D2A /* /Users/bernardocohen/repos/designPatternsJoshi/cpp/include/dpJoshi_bits/parkMiller.hpp */,
				A90B1147A44E4C8A8A9C93E7 /* /Users/bernardocohen/repos/designPatternsJoshi/cpp/include/dpJoshi_bits/pathDependent.hpp */,
				1761494AFCC94A67A5C223FF /* /Users/bernardocohen/repos/designPatternsJoshi/cpp/include/dpJoshi_bits/pathDependentAsian.hpp */,
				73CC96FB2FDE49A0B97EAF04 /* /Users/bernardocohen/repos/designPatternsJoshi/cpp/include/dpJoshi_bits/payoff1.hpp */,
				1E8A677C7F614E468D9609D0 /* /Users/bernardocohen/repos/designPatternsJoshi/cpp/include/dpJoshi_bits/payoff2.hpp */,
				623C9EF2420745CFADC59993 /* /Users/bernardocohen/repos/designPatternsJoshi/cpp/include/dpJoshi_bits/payoff3.hpp */,
				C60B6BAF40F2458B880F233B /* /Users/bernardocohen/repos/designPatternsJoshi/cpp/include/dpJoshi_bits/payoffBridge.hpp */,
				0A1DA40EA6584118BFBA3550 /* /Users/bernardocohen/repos/designPatternsJoshi/cpp/include/dpJoshi_bits/payoffForward.hpp */,
				44F3AEE1FDB640DFB707E2D1 /* /Users/bernardocohen/repos/designPatternsJoshi/cpp/include/dpJoshi_bits/random1.hpp */,
				34DBF4F22C554A0EAE4939EB /* /Users/bernardocohen/repos/designPatternsJoshi/cpp/include/dpJoshi_bits/random2.hpp */,
				32962200969D45CE9C87156E /* /Users/bernardocohen/repos/designPatternsJoshi/cpp/include/dpJoshi_bits/simpleMC.hpp */,
				89EF1AF64B834AC8BDDFFA84 /* /Users/bernardocohen/repos/designPatternsJoshi/cpp/include/dpJoshi_bits/treeAmerican.hpp */,
				8573ABA5BB534A23A23370CA /* /Users/bernardocohen/repos/designPatternsJoshi/cpp/include/dpJoshi_bits/treeEuropean.hpp */,
				53E490B9605946E3BC4E97D8 /* /Users/bernardocohen/repos/designPatternsJoshi/cpp/include/dpJoshi_bits/treeProducts.hpp */,
				51A328ED8B144A8D8AB76A34 /* /Users/bernardocohen/repos/designPatternsJoshi/cpp/include/dpJoshi_bits/vanilla1.hpp */,
				5D46590D93944E37A5DB4FB6 /* /Users/bernardocohen/repos/designPatternsJoshi/cpp/include/dpJoshi_bits/vanilla2.hpp */,
				31233D359AB44331AAFFD5A7 /* /Users/bernardocohen/repos/designPatternsJoshi/cpp/include/dpJoshi_bits/vanilla3.hpp */,
				5E8F850E95274AB5BE6A5612 /* /Users/bernardocohen/repos/designPatternsJoshi/cpp/include/dpJoshi_bits/wrapper.hpp */,
			);
			name = dpJoshi_bits;
			sourceTree = "<group>";
		};
		92820F5EE1274181A31BE66B /* dpJoshi */ = {
			isa = PBXGroup;
			children = (
				D1F8B5868CBD4F5FB64A9B63 /* include */,
				A25065DD1FB54B3694D27F7C /* src */,
				6129C97C6DBE40628ACBBB38 /* /Users/bernardocohen/repos/designPatternsJoshi/cpp/CMakeLists.txt */,
			);
			name = dpJoshi;
			sourceTree = "<group>";
		};
		97161E70C5574D91A5F371A9 /* CMake Rules */ = {
			isa = PBXGroup;
			children = (
			);
			name = "CMake Rules";
			sourceTree = "<group>";
		};
		A25065DD1FB54B3694D27F7C /* src */ = {
			isa = PBXGroup;
			children = (
				F026DB5594D04200A4DA4B0D /* /Users/bernardocohen/repos/designPatternsJoshi/cpp/src/antithetic.cpp */,
				2424513DC40647C1B053E8CD /* /Users/bernardocohen/repos/designPatternsJoshi/cpp/src/arrays.cpp */,
				2B28AA900B554BB8879ABFF0 /* /Users/bernardocohen/repos/designPatternsJoshi/cpp/src/binomialTree.cpp */,
				F790B275F04145649224D84D /* /Users/bernardocohen/repos/designPatternsJoshi/cpp/src/blackScholesFormulas.cpp */,
				FB83FA6F15EE4798854C250D /* /Users/bernardocohen/repos/designPatternsJoshi/cpp/src/bsCall.cpp */,
				6D174B4292514DA1AD712C6C /* /Users/bernardocohen/repos/designPatternsJoshi/cpp/src/bsCall2.cpp */,
				0F6EDDBEC031492F98123F31 /* /Users/bernardocohen/repos/designPatternsJoshi/cpp/src/convergenceTable.cpp */,
				247D0D295AD44E5089B2F270 /* /Users/bernardocohen/repos/designPatternsJoshi/cpp/src/exoticBSEngine.cpp */,
				60E1E262B1644370AA84AE5C /* /Users/bernardocohen/repos/designPatternsJoshi/cpp/src/exoticEngine.cpp */,
				DAECDC17E2EB4B4B9363B610 /* /Users/bernardocohen/repos/designPatternsJoshi/cpp/src/intro.cpp */,
				37407720EAEF41F29BB122F3 /* /Users/bernardocohen/repos/designPatternsJoshi/cpp/src/mcStatistics.cpp */,
				CDF9E3ADA9A14A6CB71657F4 /* /Users/bernardocohen/repos/designPatternsJoshi/cpp/src/normals.cpp */,
				D7800BFB610E4FACB9CC5AEA /* /Users/bernardocohen/repos/designPatternsJoshi/cpp/src/parameters.cpp */,
				225FEB13B7534CBBAD73CFFA /* /Users/bernardocohen/repos/designPatternsJoshi/cpp/src/parkMiller.cpp */,
				AD3368AD93704FABA0CD1505 /* /Users/bernardocohen/repos/designPatternsJoshi/cpp/src/pathDependent.cpp */,
				17EC248074F94B31BFEAFEE6 /* /Users/bernardocohen/repos/designPatternsJoshi/cpp/src/pathDependentAsian.cpp */,
				B5A3942D14314C4A9DD9226A /* /Users/bernardocohen/repos/designPatternsJoshi/cpp/src/payoff1.cpp */,
				F0F6EAA0C4744D9D9C9FDB72 /* /Users/bernardocohen/repos/designPatternsJoshi/cpp/src/payoff2.cpp */,
				4417CC3F236A40DEB9C1A84A /* /Users/bernardocohen/repos/designPatternsJoshi/cpp/src/payoff3.cpp */,
				7E4964787FA84EC8B957B426 /* /Users/bernardocohen/repos/designPatternsJoshi/cpp/src/payoffBridge.cpp */,
				645BB85011324BA585363D40 /* /Users/bernardocohen/repos/designPatternsJoshi/cpp/src/payoffForward.cpp */,
				BBE2C0DA73474C3091E0216E /* /Users/bernardocohen/repos/designPatternsJoshi/cpp/src/random1.cpp */,
				9CAE3C12CFC84452BDFE0134 /* /Users/bernardocohen/repos/designPatternsJoshi/cpp/src/random2.cpp */,
				E96CFFD0E5084086B18EFADA /* /Users/bernardocohen/repos/designPatternsJoshi/cpp/src/simpleMC.cpp */,
				AA849BF91BA345E2B54A1D96 /* /Users/bernardocohen/repos/designPatternsJoshi/cpp/src/treeAmerican.cpp */,
				83B56B2353F549B89E2A6BEC /* /Users/bernardocohen/repos/designPatternsJoshi/cpp/src/treeEuropean.cpp */,
				38A579A26F254B53805DDD2B /* /Users/bernardocohen/repos/designPatternsJoshi/cpp/src/treeProducts.cpp */,
				1EBF128EFEEF4708B004561B /* /Users/bernardocohen/repos/designPatternsJoshi/cpp/src/vanilla1.cpp */,
				3EF5EC2B2C9B4C788877DFD7 /* /Users/bernardocohen/repos/designPatternsJoshi/cpp/src/vanilla2.cpp */,
				B9D0474640EA48DD947C9083 /* /Users/bernardocohen/repos/designPatternsJoshi/cpp/src/vanilla3.cpp */,
			);
			name = src;
			sourceTree = "<group>";
		};
		A90B3793EC8C4B29BE674D27 /* ALL_BUILD */ = {
			isa = PBXGroup;
			children = (
				97161E70C5574D91A5F371A9 /* CMake Rules */,
				91E40CBA5E6548BE88670F64 /* /Users/bernardocohen/repos/designPatternsJoshi/cpp/CMakeLists.txt */,
			);
			name = ALL_BUILD;
			sourceTree = "<group>";
		};
		AD73ECAA3B804FB4B11DEE75 = {
			isa = PBXGroup;
			children = (
				92820F5EE1274181A31BE66B /* dpJoshi */,
				A90B3793EC8C4B29BE674D27 /* ALL_BUILD */,
				225DD80359CD4D08B6601F1F /* Products */,
				2E5C946E01184B55ADF02419 /* Frameworks */,
			);
			sourceTree = "<group>";
		};
		D1F8B5868CBD4F5FB64A9B63 /* include */ = {
			isa = PBXGroup;
			children = (
				51546E002FE24BBA81A897A1 /* dpJoshi_bits */,
			);
			name = include;
			sourceTree = "<group>";
		};
/* End PBXGroup section */

/* Begin PBXNativeTarget section */
		92D5E7DBA64B49E4B50A3962 /* dpJoshi */ = {
			isa = PBXNativeTarget;
			buildConfigurationList = D7DCEDD6ED3C47DA992920F7 /* Build configuration list for PBXNativeTarget "dpJoshi" */;
			buildPhases = (
				A866D343E4194C02845CF9CD /* Sources */,
				29CCDFCE5890409BA9EB557E /* Frameworks */,
				DE36DD8EEC7EB9A9AABBD56C /* CMake PostBuild Rules */,
			);
			buildRules = (
			);
			dependencies = (
				4ED4D571B956433296E53753 /* PBXTargetDependency */,
			);
			name = dpJoshi;
			productName = dpJoshi;
			productReference = B6106D1265A449C393B835F7 /* dpJoshi */;
			productType = "com.apple.product-type.library.dynamic";
		};
/* End PBXNativeTarget section */

/* Begin PBXProject section */
		EB5F0AF96B7040BF87E84C9D /* Project object */ = {
			isa = PBXProject;
			attributes = {
				BuildIndependentTargetsInParallel = YES;
				LastUpgradeCheck = 1250;
			};
			buildConfigurationList = 6EE0380AE5DA4D7893F6B852 /* Build configuration list for PBXProject "dpJoshi" */;
			buildSettings = {
			};
			buildStyles = (
				E868A0A1A74B43339296FE08 /* Debug */,
				92D0B7FBD4C54F04B6217681 /* Release */,
				8E1DE509CEF846649A0A6738 /* MinSizeRel */,
				4465450D773844FAA41F342F /* RelWithDebInfo */,
			);
			compatibilityVersion = "Xcode 3.2";
			hasScannedForEncodings = 0;
			mainGroup = AD73ECAA3B804FB4B11DEE75;
			projectDirPath = ../;
			projectRoot = "";
			targets = (
				B87428A0020F41D9BD076382 /* ALL_BUILD */,
				226D61337FAB4487AF3AE96A /* ZERO_CHECK */,
				92D5E7DBA64B49E4B50A3962 /* dpJoshi */,
				53D08268C0F64BB6BE7FC825 /* install */,
			);
		};
/* End PBXProject section */

/* Begin PBXShellScriptBuildPhase section */
		3C0110FC8322DE7E50886E21 = {
			isa = PBXShellScriptBuildPhase;
			buildActionMask = 2147483647;
			files = (
			);
			inputPaths = (
			);
			outputPaths = (
			);
			runOnlyForDeploymentPostprocessing = 0;
			shellPath = /bin/sh;
			shellScript = "# shell script goes here
exit 0";
			showEnvVarsInLog = 0;
		};
		5AC255D8BF5A825CA49E4FD9 /* Generate CMakeFiles/ZERO_CHECK */ = {
			isa = PBXShellScriptBuildPhase;
			alwaysOutOfDate = 1;
			buildActionMask = 2147483647;
			files = (
			);
			inputPaths = (
			);
			name = "Generate CMakeFiles/ZERO_CHECK";
			outputPaths = (
/Users/bernardocohen/repos/designPatternsJoshi/cpp/Xcode/CMakeFiles/ZERO_CHECK			);
			runOnlyForDeploymentPostprocessing = 0;
			shellPath = /bin/sh;
			shellScript = "set -e
if test \"$CONFIGURATION\" = \"Debug\"; then :
  cd /Users/bernardocohen/repos/designPatternsJoshi/cpp/Xcode
  make -f /Users/bernardocohen/repos/designPatternsJoshi/cpp/Xcode/CMakeScripts/ReRunCMake.make
fi
if test \"$CONFIGURATION\" = \"Release\"; then :
  cd /Users/bernardocohen/repos/designPatternsJoshi/cpp/Xcode
  make -f /Users/bernardocohen/repos/designPatternsJoshi/cpp/Xcode/CMakeScripts/ReRunCMake.make
fi
if test \"$CONFIGURATION\" = \"MinSizeRel\"; then :
  cd /Users/bernardocohen/repos/designPatternsJoshi/cpp/Xcode
  make -f /Users/bernardocohen/repos/designPatternsJoshi/cpp/Xcode/CMakeScripts/ReRunCMake.make
fi
if test \"$CONFIGURATION\" = \"RelWithDebInfo\"; then :
  cd /Users/bernardocohen/repos/designPatternsJoshi/cpp/Xcode
  make -f /Users/bernardocohen/repos/designPatternsJoshi/cpp/Xcode/CMakeScripts/ReRunCMake.make
fi
";
			showEnvVarsInLog = 0;
		};
		6A7AE09F1677AE2072F6EA29 /* Generate CMakeFiles/ALL_BUILD */ = {
			isa = PBXShellScriptBuildPhase;
			alwaysOutOfDate = 1;
			buildActionMask = 2147483647;
			files = (
			);
			inputPaths = (
			);
			name = "Generate CMakeFiles/ALL_BUILD";
			outputPaths = (
/Users/bernardocohen/repos/designPatternsJoshi/cpp/Xcode/CMakeFiles/ALL_BUILD			);
			runOnlyForDeploymentPostprocessing = 0;
			shellPath = /bin/sh;
			shellScript = "set -e
if test \"$CONFIGURATION\" = \"Debug\"; then :
  cd /Users/bernardocohen/repos/designPatternsJoshi/cpp/Xcode
  echo Build\\ all\\ projects
fi
if test \"$CONFIGURATION\" = \"Release\"; then :
  cd /Users/bernardocohen/repos/designPatternsJoshi/cpp/Xcode
  echo Build\\ all\\ projects
fi
if test \"$CONFIGURATION\" = \"MinSizeRel\"; then :
  cd /Users/bernardocohen/repos/designPatternsJoshi/cpp/Xcode
  echo Build\\ all\\ projects
fi
if test \"$CONFIGURATION\" = \"RelWithDebInfo\"; then :
  cd /Users/bernardocohen/repos/designPatternsJoshi/cpp/Xcode
  echo Build\\ all\\ projects
fi
";
			showEnvVarsInLog = 0;
		};
		87AF4882E018677E2624B544 = {
			isa = PBXShellScriptBuildPhase;
			buildActionMask = 2147483647;
			files = (
			);
			inputPaths = (
			);
			outputPaths = (
			);
			runOnlyForDeploymentPostprocessing = 0;
			shellPath = /bin/sh;
			shellScript = "# shell script goes here
exit 0";
			showEnvVarsInLog = 0;
		};
		93426DA6A4AC2C2AC9CE883C /* CMake PostBuild Rules */ = {
			isa = PBXShellScriptBuildPhase;
			alwaysOutOfDate = 1;
			buildActionMask = 2147483647;
			files = (
			);
			name = "CMake PostBuild Rules";
			outputPaths = (
			);
			runOnlyForDeploymentPostprocessing = 0;
			shellPath = /bin/sh;
			shellScript = "set -e
if test \"$CONFIGURATION\" = \"Debug\"; then :
  cd /Users/bernardocohen/repos/designPatternsJoshi/cpp/Xcode
  /usr/local/Cellar/cmake/3.20.5/bin/cmake -DBUILD_TYPE=$CONFIGURATION$EFFECTIVE_PLATFORM_NAME -P cmake_install.cmake
fi
if test \"$CONFIGURATION\" = \"Release\"; then :
  cd /Users/bernardocohen/repos/designPatternsJoshi/cpp/Xcode
  /usr/local/Cellar/cmake/3.20.5/bin/cmake -DBUILD_TYPE=$CONFIGURATION$EFFECTIVE_PLATFORM_NAME -P cmake_install.cmake
fi
if test \"$CONFIGURATION\" = \"MinSizeRel\"; then :
  cd /Users/bernardocohen/repos/designPatternsJoshi/cpp/Xcode
  /usr/local/Cellar/cmake/3.20.5/bin/cmake -DBUILD_TYPE=$CONFIGURATION$EFFECTIVE_PLATFORM_NAME -P cmake_install.cmake
fi
if test \"$CONFIGURATION\" = \"RelWithDebInfo\"; then :
  cd /Users/bernardocohen/repos/designPatternsJoshi/cpp/Xcode
  /usr/local/Cellar/cmake/3.20.5/bin/cmake -DBUILD_TYPE=$CONFIGURATION$EFFECTIVE_PLATFORM_NAME -P cmake_install.cmake
fi
";
			showEnvVarsInLog = 0;
		};
		9B50530E35CC49C82C2FACCF = {
			isa = PBXShellScriptBuildPhase;
			buildActionMask = 2147483647;
			files = (
			);
			inputPaths = (
			);
			outputPaths = (
			);
			runOnlyForDeploymentPostprocessing = 0;
			shellPath = /bin/sh;
			shellScript = "# shell script goes here
exit 0";
			showEnvVarsInLog = 0;
		};
		DE36DD8EEC7EB9A9AABBD56C /* CMake PostBuild Rules */ = {
			isa = PBXShellScriptBuildPhase;
			alwaysOutOfDate = 1;
			buildActionMask = 2147483647;
			files = (
			);
			name = "CMake PostBuild Rules";
			outputPaths = (
			);
			runOnlyForDeploymentPostprocessing = 0;
			shellPath = /bin/sh;
			shellScript = "set -e
if test \"$CONFIGURATION\" = \"Debug\"; then :
  cd /Users/bernardocohen/repos/designPatternsJoshi/cpp/Xcode
  /usr/local/Cellar/cmake/3.20.5/bin/cmake -E cmake_symlink_library /Users/bernardocohen/repos/designPatternsJoshi/cpp/Xcode/Debug/libdpJoshi.dylib /Users/bernardocohen/repos/designPatternsJoshi/cpp/Xcode/Debug/libdpJoshi.dylib /Users/bernardocohen/repos/designPatternsJoshi/cpp/Xcode/Debug/libdpJoshi.dylib
fi
if test \"$CONFIGURATION\" = \"Release\"; then :
  cd /Users/bernardocohen/repos/designPatternsJoshi/cpp/Xcode
  /usr/local/Cellar/cmake/3.20.5/bin/cmake -E cmake_symlink_library /Users/bernardocohen/repos/designPatternsJoshi/cpp/Xcode/Release/libdpJoshi.dylib /Users/bernardocohen/repos/designPatternsJoshi/cpp/Xcode/Release/libdpJoshi.dylib /Users/bernardocohen/repos/designPatternsJoshi/cpp/Xcode/Release/libdpJoshi.dylib
fi
if test \"$CONFIGURATION\" = \"MinSizeRel\"; then :
  cd /Users/bernardocohen/repos/designPatternsJoshi/cpp/Xcode
  /usr/local/Cellar/cmake/3.20.5/bin/cmake -E cmake_symlink_library /Users/bernardocohen/repos/designPatternsJoshi/cpp/Xcode/MinSizeRel/libdpJoshi.dylib /Users/bernardocohen/repos/designPatternsJoshi/cpp/Xcode/MinSizeRel/libdpJoshi.dylib /Users/bernardocohen/repos/designPatternsJoshi/cpp/Xcode/MinSizeRel/libdpJoshi.dylib
fi
if test \"$CONFIGURATION\" = \"RelWithDebInfo\"; then :
  cd /Users/bernardocohen/repos/designPatternsJoshi/cpp/Xcode
  /usr/local/Cellar/cmake/3.20.5/bin/cmake -E cmake_symlink_library /Users/bernardocohen/repos/designPatternsJoshi/cpp/Xcode/RelWithDebInfo/libdpJoshi.dylib /Users/bernardocohen/repos/designPatternsJoshi/cpp/Xcode/RelWithDebInfo/libdpJoshi.dylib /Users/bernardocohen/repos/designPatternsJoshi/cpp/Xcode/RelWithDebInfo/libdpJoshi.dylib
fi
";
			showEnvVarsInLog = 0;
		};
/* End PBXShellScriptBuildPhase section */

/* Begin PBXSourcesBuildPhase section */
		A866D343E4194C02845CF9CD /* Sources */ = {
			isa = PBXSourcesBuildPhase;
			buildActionMask = 2147483647;
			files = (
				749D58BE6C3B4AE396E10244 /* /Users/bernardocohen/repos/designPatternsJoshi/cpp/src/antithetic.cpp */,
				0030100E78164BED83EE2476 /* /Users/bernardocohen/repos/designPatternsJoshi/cpp/src/arrays.cpp */,
				D381D611BE8D499D9A1803C0 /* /Users/bernardocohen/repos/designPatternsJoshi/cpp/src/binomialTree.cpp */,
				0E19A3A309AA452984629DFF /* /Users/bernardocohen/repos/designPatternsJoshi/cpp/src/blackScholesFormulas.cpp */,
				53A86C1A04B1460FBDBF03AE /* /Users/bernardocohen/repos/designPatternsJoshi/cpp/src/bsCall.cpp */,
				704384B6AA8041CE8A55B1E4 /* /Users/bernardocohen/repos/designPatternsJoshi/cpp/src/bsCall2.cpp */,
				F3FDC7DE795E4A65A569F374 /* /Users/bernardocohen/repos/designPatternsJoshi/cpp/src/convergenceTable.cpp */,
				B56EC71FC63849AEB034A4DD /* /Users/bernardocohen/repos/designPatternsJoshi/cpp/src/exoticBSEngine.cpp */,
				5B2069127B6E4E129E0C2E0A /* /Users/bernardocohen/repos/designPatternsJoshi/cpp/src/exoticEngine.cpp */,
				AC733F7C144B4C998A7AEE6B /* /Users/bernardocohen/repos/designPatternsJoshi/cpp/src/intro.cpp */,
				7948D3FA589D4262A4134261 /* /Users/bernardocohen/repos/designPatternsJoshi/cpp/src/mcStatistics.cpp */,
				37064709115249E282402457 /* /Users/bernardocohen/repos/designPatternsJoshi/cpp/src/normals.cpp */,
				9EC29657647F461F8FD98EB3 /* /Users/bernardocohen/repos/designPatternsJoshi/cpp/src/parameters.cpp */,
				10D1188559DF45399225D6B8 /* /Users/bernardocohen/repos/designPatternsJoshi/cpp/src/parkMiller.cpp */,
				2FBB49AD07E0445D9753AAC3 /* /Users/bernardocohen/repos/designPatternsJoshi/cpp/src/pathDependent.cpp */,
				A0A92829845B4C029A8659A5 /* /Users/bernardocohen/repos/designPatternsJoshi/cpp/src/pathDependentAsian.cpp */,
				BEFE5D9CFBF84A67BD025B30 /* /Users/bernardocohen/repos/designPatternsJoshi/cpp/src/payoff1.cpp */,
				C260119025CF4B13ABE60086 /* /Users/bernardocohen/repos/designPatternsJoshi/cpp/src/payoff2.cpp */,
				FD8CBDF0E32D40BBA1C3FFF9 /* /Users/bernardocohen/repos/designPatternsJoshi/cpp/src/payoff3.cpp */,
				F71DE5FAAB724D80BA657161 /* /Users/bernardocohen/repos/designPatternsJoshi/cpp/src/payoffBridge.cpp */,
				B67FF26331A34A46A53587E6 /* /Users/bernardocohen/repos/designPatternsJoshi/cpp/src/payoffForward.cpp */,
				B4E3A0E644A947C79810646A /* /Users/bernardocohen/repos/designPatternsJoshi/cpp/src/random1.cpp */,
				8FEA7BD4F7D04F80914A4F2E /* /Users/bernardocohen/repos/designPatternsJoshi/cpp/src/random2.cpp */,
				EC608B7A66F843BE9AAD12DC /* /Users/bernardocohen/repos/designPatternsJoshi/cpp/src/simpleMC.cpp */,
				FC5622755EFD442CB45B7FD3 /* /Users/bernardocohen/repos/designPatternsJoshi/cpp/src/treeAmerican.cpp */,
				AAAAA49BC4C24325950E6742 /* /Users/bernardocohen/repos/designPatternsJoshi/cpp/src/treeEuropean.cpp */,
				2B0CA01B26E247919899000F /* /Users/bernardocohen/repos/designPatternsJoshi/cpp/src/treeProducts.cpp */,
				A9D7D8AA539144C895822F45 /* /Users/bernardocohen/repos/designPatternsJoshi/cpp/src/vanilla1.cpp */,
				D3A9F156BEE24B1ABF9DBD1A /* /Users/bernardocohen/repos/designPatternsJoshi/cpp/src/vanilla2.cpp */,
				0B3B8D465CAC423683C830E3 /* /Users/bernardocohen/repos/designPatternsJoshi/cpp/src/vanilla3.cpp */,
			);
			runOnlyForDeploymentPostprocessing = 0;
		};
/* End PBXSourcesBuildPhase section */

/* Begin PBXTargetDependency section */
		4ED4D571B956433296E53753 /* PBXTargetDependency */ = {
			isa = PBXTargetDependency;
			target = 226D61337FAB4487AF3AE96A /* ZERO_CHECK */;
			targetProxy = B8D02DB9B0324C65BF51CEEF /* PBXContainerItemProxy */;
		};
		96D9A7EDF863428295CCA547 /* PBXTargetDependency */ = {
			isa = PBXTargetDependency;
			target = 92D5E7DBA64B49E4B50A3962 /* dpJoshi */;
			targetProxy = DE0B7C5261284284A1328BF9 /* PBXContainerItemProxy */;
		};
		B0B0739293A44F22A3CB4B95 /* PBXTargetDependency */ = {
			isa = PBXTargetDependency;
			target = 226D61337FAB4487AF3AE96A /* ZERO_CHECK */;
			targetProxy = E99F94F87328498EB97C6076 /* PBXContainerItemProxy */;
		};
		D9E1CD1A1D4E42C288F90C4E /* PBXTargetDependency */ = {
			isa = PBXTargetDependency;
			target = B87428A0020F41D9BD076382 /* ALL_BUILD */;
			targetProxy = 7DFD7FFC367E4302A546378A /* PBXContainerItemProxy */;
		};
/* End PBXTargetDependency section */

/* Begin XCBuildConfiguration section */
		0686E53C84C34FD29A05AAA5 /* Debug */ = {
			isa = XCBuildConfiguration;
			buildSettings = {
				COMBINE_HIDPI_IMAGES = YES;
				GCC_GENERATE_DEBUGGING_SYMBOLS = YES;
				GCC_INLINES_ARE_PRIVATE_EXTERN = NO;
				GCC_OPTIMIZATION_LEVEL = 0;
				GCC_PREPROCESSOR_DEFINITIONS = ("'CMAKE_INTDIR=\"$(CONFIGURATION)$(EFFECTIVE_PLATFORM_NAME)\"'");
				GCC_SYMBOLS_PRIVATE_EXTERN = NO;
				INSTALL_PATH = "";
				OTHER_LDFLAGS = ("");
				OTHER_REZFLAGS = "";
				PRODUCT_NAME = install;
				SECTORDER_FLAGS = "";
				SYMROOT = /Users/bernardocohen/repos/designPatternsJoshi/cpp/Xcode;
				USE_HEADERMAP = NO;
				WARNING_CFLAGS = ("$(inherited)");
			};
			name = Debug;
		};
		0C9BFA6A73054775845B0F1B /* Release */ = {
			isa = XCBuildConfiguration;
			buildSettings = {
				COMBINE_HIDPI_IMAGES = YES;
				GCC_GENERATE_DEBUGGING_SYMBOLS = YES;
				GCC_INLINES_ARE_PRIVATE_EXTERN = NO;
				GCC_OPTIMIZATION_LEVEL = 0;
				GCC_PREPROCESSOR_DEFINITIONS = ("'CMAKE_INTDIR=\"$(CONFIGURATION)$(EFFECTIVE_PLATFORM_NAME)\"'");
				GCC_SYMBOLS_PRIVATE_EXTERN = NO;
				INSTALL_PATH = "";
				OTHER_LDFLAGS = ("");
				OTHER_REZFLAGS = "";
				PRODUCT_NAME = install;
				SECTORDER_FLAGS = "";
				SYMROOT = /Users/bernardocohen/repos/designPatternsJoshi/cpp/Xcode;
				USE_HEADERMAP = NO;
				WARNING_CFLAGS = ("$(inherited)");
			};
			name = Release;
		};
		0E3E8A78087C4626B5F42722 /* Release */ = {
			isa = XCBuildConfiguration;
			buildSettings = {
				COMBINE_HIDPI_IMAGES = YES;
				DYLIB_COMPATIBILITY_VERSION = "";
				DYLIB_CURRENT_VERSION = "";
				EXECUTABLE_PREFIX = lib;
				EXECUTABLE_SUFFIX = .dylib;
				GCC_GENERATE_DEBUGGING_SYMBOLS = NO;
				GCC_INLINES_ARE_PRIVATE_EXTERN = NO;
				GCC_OPTIMIZATION_LEVEL = 3;
				GCC_PREPROCESSOR_DEFINITIONS = ("'CMAKE_INTDIR=\"$(CONFIGURATION)$(EFFECTIVE_PLATFORM_NAME)\"'",dpJoshi_EXPORTS);
				GCC_SYMBOLS_PRIVATE_EXTERN = NO;
				HEADER_SEARCH_PATHS = (/usr/local/include,/Users/bernardocohen/repos/designPatternsJoshi/cpp/include/dpJoshi_bits,"$(inherited)");
				INSTALL_PATH = "@rpath";
				LIBRARY_STYLE = DYNAMIC;
				OTHER_CPLUSPLUSFLAGS = "    -DNDEBUG -fPIC '-std=c++17' ";
				OTHER_LDFLAGS = (" -dynamiclib -Wl,-headerpad_max_install_names");
				OTHER_REZFLAGS = "";
				PRODUCT_NAME = dpJoshi;
				SECTORDER_FLAGS = "";
				SYMROOT = /Users/bernardocohen/repos/designPatternsJoshi/cpp/Xcode;
				USE_HEADERMAP = NO;
				WARNING_CFLAGS = ("$(inherited)");
			};
			name = Release;
		};
		2220FF618A464E80B87BBF61 /* MinSizeRel */ = {
			isa = XCBuildConfiguration;
			buildSettings = {
				COMBINE_HIDPI_IMAGES = YES;
				GCC_GENERATE_DEBUGGING_SYMBOLS = YES;
				GCC_INLINES_ARE_PRIVATE_EXTERN = NO;
				GCC_OPTIMIZATION_LEVEL = 0;
				GCC_PREPROCESSOR_DEFINITIONS = ("'CMAKE_INTDIR=\"$(CONFIGURATION)$(EFFECTIVE_PLATFORM_NAME)\"'");
				GCC_SYMBOLS_PRIVATE_EXTERN = NO;
				INSTALL_PATH = "";
				OTHER_LDFLAGS = ("");
				OTHER_REZFLAGS = "";
				PRODUCT_NAME = ALL_BUILD;
				SECTORDER_FLAGS = "";
				SYMROOT = /Users/bernardocohen/repos/designPatternsJoshi/cpp/Xcode;
				USE_HEADERMAP = NO;
				WARNING_CFLAGS = ("$(inherited)");
			};
			name = MinSizeRel;
		};
		33A27BFBB04C44B2B4091FEF /* Debug */ = {
			isa = XCBuildConfiguration;
			buildSettings = {
				COMBINE_HIDPI_IMAGES = YES;
				GCC_GENERATE_DEBUGGING_SYMBOLS = YES;
				GCC_INLINES_ARE_PRIVATE_EXTERN = NO;
				GCC_OPTIMIZATION_LEVEL = 0;
				GCC_PREPROCESSOR_DEFINITIONS = ("'CMAKE_INTDIR=\"$(CONFIGURATION)$(EFFECTIVE_PLATFORM_NAME)\"'");
				GCC_SYMBOLS_PRIVATE_EXTERN = NO;
				INSTALL_PATH = "";
				OTHER_LDFLAGS = ("");
				OTHER_REZFLAGS = "";
				PRODUCT_NAME = ALL_BUILD;
				SECTORDER_FLAGS = "";
				SYMROOT = /Users/bernardocohen/repos/designPatternsJoshi/cpp/Xcode;
				USE_HEADERMAP = NO;
				WARNING_CFLAGS = ("$(inherited)");
			};
			name = Debug;
		};
		3D162BA89F134D68BCEE0FA8 /* RelWithDebInfo */ = {
			isa = XCBuildConfiguration;
			buildSettings = {
				COMBINE_HIDPI_IMAGES = YES;
				GCC_GENERATE_DEBUGGING_SYMBOLS = YES;
				GCC_INLINES_ARE_PRIVATE_EXTERN = NO;
				GCC_OPTIMIZATION_LEVEL = 0;
				GCC_PREPROCESSOR_DEFINITIONS = ("'CMAKE_INTDIR=\"$(CONFIGURATION)$(EFFECTIVE_PLATFORM_NAME)\"'");
				GCC_SYMBOLS_PRIVATE_EXTERN = NO;
				INSTALL_PATH = "";
				OTHER_LDFLAGS = ("");
				OTHER_REZFLAGS = "";
				PRODUCT_NAME = ALL_BUILD;
				SECTORDER_FLAGS = "";
				SYMROOT = /Users/bernardocohen/repos/designPatternsJoshi/cpp/Xcode;
				USE_HEADERMAP = NO;
				WARNING_CFLAGS = ("$(inherited)");
			};
			name = RelWithDebInfo;
		};
		46A48E5BA34843C6A76A75AA /* Release */ = {
			isa = XCBuildConfiguration;
			buildSettings = {
				ARCHS = "$(NATIVE_ARCH_ACTUAL)";
				ONLY_ACTIVE_ARCH = YES;
				SDKROOT = /Applications/Xcode.app/Contents/Developer/Platforms/MacOSX.platform/Developer/SDKs/MacOSX11.3.sdk;
				SYMROOT = /Users/bernardocohen/repos/designPatternsJoshi/cpp/Xcode/build;
			};
			name = Release;
		};
		49C2C6D493BC4B859E23F89F /* MinSizeRel */ = {
			isa = XCBuildConfiguration;
			buildSettings = {
				COMBINE_HIDPI_IMAGES = YES;
				GCC_GENERATE_DEBUGGING_SYMBOLS = YES;
				GCC_INLINES_ARE_PRIVATE_EXTERN = NO;
				GCC_OPTIMIZATION_LEVEL = 0;
				GCC_PREPROCESSOR_DEFINITIONS = ("'CMAKE_INTDIR=\"$(CONFIGURATION)$(EFFECTIVE_PLATFORM_NAME)\"'");
				GCC_SYMBOLS_PRIVATE_EXTERN = NO;
				INSTALL_PATH = "";
				OTHER_LDFLAGS = ("");
				OTHER_REZFLAGS = "";
				PRODUCT_NAME = ZERO_CHECK;
				SECTORDER_FLAGS = "";
				SYMROOT = /Users/bernardocohen/repos/designPatternsJoshi/cpp/Xcode;
				USE_HEADERMAP = NO;
				WARNING_CFLAGS = ("$(inherited)");
			};
			name = MinSizeRel;
		};
		4C0C5CE2B0134BC691391319 /* Debug */ = {
			isa = XCBuildConfiguration;
			buildSettings = {
				ARCHS = "$(NATIVE_ARCH_ACTUAL)";
				ONLY_ACTIVE_ARCH = YES;
				SDKROOT = /Applications/Xcode.app/Contents/Developer/Platforms/MacOSX.platform/Developer/SDKs/MacOSX11.3.sdk;
				SYMROOT = /Users/bernardocohen/repos/designPatternsJoshi/cpp/Xcode/build;
			};
			name = Debug;
		};
		4C81D1E648BD492AA53EAF0D /* MinSizeRel */ = {
			isa = XCBuildConfiguration;
			buildSettings = {
				COMBINE_HIDPI_IMAGES = YES;
				DYLIB_COMPATIBILITY_VERSION = "";
				DYLIB_CURRENT_VERSION = "";
				EXECUTABLE_PREFIX = lib;
				EXECUTABLE_SUFFIX = .dylib;
				GCC_GENERATE_DEBUGGING_SYMBOLS = NO;
				GCC_INLINES_ARE_PRIVATE_EXTERN = NO;
				GCC_OPTIMIZATION_LEVEL = s;
				GCC_PREPROCESSOR_DEFINITIONS = ("'CMAKE_INTDIR=\"$(CONFIGURATION)$(EFFECTIVE_PLATFORM_NAME)\"'",dpJoshi_EXPORTS);
				GCC_SYMBOLS_PRIVATE_EXTERN = NO;
				HEADER_SEARCH_PATHS = (/usr/local/include,/Users/bernardocohen/repos/designPatternsJoshi/cpp/include/dpJoshi_bits,"$(inherited)");
				INSTALL_PATH = "@rpath";
				LIBRARY_STYLE = DYNAMIC;
				OTHER_CPLUSPLUSFLAGS = "    -DNDEBUG -fPIC '-std=c++17' ";
				OTHER_LDFLAGS = (" -dynamiclib -Wl,-headerpad_max_install_names");
				OTHER_REZFLAGS = "";
				PRODUCT_NAME = dpJoshi;
				SECTORDER_FLAGS = "";
				SYMROOT = /Users/bernardocohen/repos/designPatternsJoshi/cpp/Xcode;
				USE_HEADERMAP = NO;
				WARNING_CFLAGS = ("$(inherited)");
			};
			name = MinSizeRel;
		};
		5ED3DF8B5AA5477A9245B52B /* MinSizeRel */ = {
			isa = XCBuildConfiguration;
			buildSettings = {
				COMBINE_HIDPI_IMAGES = YES;
				GCC_GENERATE_DEBUGGING_SYMBOLS = YES;
				GCC_INLINES_ARE_PRIVATE_EXTERN = NO;
				GCC_OPTIMIZATION_LEVEL = 0;
				GCC_PREPROCESSOR_DEFINITIONS = ("'CMAKE_INTDIR=\"$(CONFIGURATION)$(EFFECTIVE_PLATFORM_NAME)\"'");
				GCC_SYMBOLS_PRIVATE_EXTERN = NO;
				INSTALL_PATH = "";
				OTHER_LDFLAGS = ("");
				OTHER_REZFLAGS = "";
				PRODUCT_NAME = install;
				SECTORDER_FLAGS = "";
				SYMROOT = /Users/bernardocohen/repos/designPatternsJoshi/cpp/Xcode;
				USE_HEADERMAP = NO;
				WARNING_CFLAGS = ("$(inherited)");
			};
			name = MinSizeRel;
		};
		61CFC7B13FD4444FABD66258 /* RelWithDebInfo */ = {
			isa = XCBuildConfiguration;
			buildSettings = {
				ARCHS = "$(NATIVE_ARCH_ACTUAL)";
				ONLY_ACTIVE_ARCH = YES;
				SDKROOT = /Applications/Xcode.app/Contents/Developer/Platforms/MacOSX.platform/Developer/SDKs/MacOSX11.3.sdk;
				SYMROOT = /Users/bernardocohen/repos/designPatternsJoshi/cpp/Xcode/build;
			};
			name = RelWithDebInfo;
		};
		815AB96C5D14460F84309BF3 /* Release */ = {
			isa = XCBuildConfiguration;
			buildSettings = {
				COMBINE_HIDPI_IMAGES = YES;
				GCC_GENERATE_DEBUGGING_SYMBOLS = YES;
				GCC_INLINES_ARE_PRIVATE_EXTERN = NO;
				GCC_OPTIMIZATION_LEVEL = 0;
				GCC_PREPROCESSOR_DEFINITIONS = ("'CMAKE_INTDIR=\"$(CONFIGURATION)$(EFFECTIVE_PLATFORM_NAME)\"'");
				GCC_SYMBOLS_PRIVATE_EXTERN = NO;
				INSTALL_PATH = "";
				OTHER_LDFLAGS = ("");
				OTHER_REZFLAGS = "";
				PRODUCT_NAME = ALL_BUILD;
				SECTORDER_FLAGS = "";
				SYMROOT = /Users/bernardocohen/repos/designPatternsJoshi/cpp/Xcode;
				USE_HEADERMAP = NO;
				WARNING_CFLAGS = ("$(inherited)");
			};
			name = Release;
		};
		8B088DFDA2F548EAB41CEA21 /* RelWithDebInfo */ = {
			isa = XCBuildConfiguration;
			buildSettings = {
				COMBINE_HIDPI_IMAGES = YES;
				GCC_GENERATE_DEBUGGING_SYMBOLS = YES;
				GCC_INLINES_ARE_PRIVATE_EXTERN = NO;
				GCC_OPTIMIZATION_LEVEL = 0;
				GCC_PREPROCESSOR_DEFINITIONS = ("'CMAKE_INTDIR=\"$(CONFIGURATION)$(EFFECTIVE_PLATFORM_NAME)\"'");
				GCC_SYMBOLS_PRIVATE_EXTERN = NO;
				INSTALL_PATH = "";
				OTHER_LDFLAGS = ("");
				OTHER_REZFLAGS = "";
				PRODUCT_NAME = ZERO_CHECK;
				SECTORDER_FLAGS = "";
				SYMROOT = /Users/bernardocohen/repos/designPatternsJoshi/cpp/Xcode;
				USE_HEADERMAP = NO;
				WARNING_CFLAGS = ("$(inherited)");
			};
			name = RelWithDebInfo;
		};
		8CD2522C72B24DAAA7671459 /* RelWithDebInfo */ = {
			isa = XCBuildConfiguration;
			buildSettings = {
				COMBINE_HIDPI_IMAGES = YES;
				GCC_GENERATE_DEBUGGING_SYMBOLS = YES;
				GCC_INLINES_ARE_PRIVATE_EXTERN = NO;
				GCC_OPTIMIZATION_LEVEL = 0;
				GCC_PREPROCESSOR_DEFINITIONS = ("'CMAKE_INTDIR=\"$(CONFIGURATION)$(EFFECTIVE_PLATFORM_NAME)\"'");
				GCC_SYMBOLS_PRIVATE_EXTERN = NO;
				INSTALL_PATH = "";
				OTHER_LDFLAGS = ("");
				OTHER_REZFLAGS = "";
				PRODUCT_NAME = install;
				SECTORDER_FLAGS = "";
				SYMROOT = /Users/bernardocohen/repos/designPatternsJoshi/cpp/Xcode;
				USE_HEADERMAP = NO;
				WARNING_CFLAGS = ("$(inherited)");
			};
			name = RelWithDebInfo;
		};
		90579CB511FA4DC6942C1E50 /* Debug */ = {
			isa = XCBuildConfiguration;
			buildSettings = {
				COMBINE_HIDPI_IMAGES = YES;
				DYLIB_COMPATIBILITY_VERSION = "";
				DYLIB_CURRENT_VERSION = "";
				EXECUTABLE_PREFIX = lib;
				EXECUTABLE_SUFFIX = .dylib;
				GCC_GENERATE_DEBUGGING_SYMBOLS = YES;
				GCC_INLINES_ARE_PRIVATE_EXTERN = NO;
				GCC_OPTIMIZATION_LEVEL = 0;
				GCC_PREPROCESSOR_DEFINITIONS = ("'CMAKE_INTDIR=\"$(CONFIGURATION)$(EFFECTIVE_PLATFORM_NAME)\"'",dpJoshi_EXPORTS);
				GCC_SYMBOLS_PRIVATE_EXTERN = NO;
				HEADER_SEARCH_PATHS = (/usr/local/include,/Users/bernardocohen/repos/designPatternsJoshi/cpp/include/dpJoshi_bits,"$(inherited)");
				INSTALL_PATH = "@rpath";
				LIBRARY_STYLE = DYNAMIC;
				OTHER_CPLUSPLUSFLAGS = "   -fPIC '-std=c++17' ";
				OTHER_LDFLAGS = (" -dynamiclib -Wl,-headerpad_max_install_names");
				OTHER_REZFLAGS = "";
				PRODUCT_NAME = dpJoshi;
				SECTORDER_FLAGS = "";
				SYMROOT = /Users/bernardocohen/repos/designPatternsJoshi/cpp/Xcode;
				USE_HEADERMAP = NO;
				WARNING_CFLAGS = ("$(inherited)");
			};
			name = Debug;
		};
		A3E258D3A29446C78A68E8F6 /* MinSizeRel */ = {
			isa = XCBuildConfiguration;
			buildSettings = {
				ARCHS = "$(NATIVE_ARCH_ACTUAL)";
				ONLY_ACTIVE_ARCH = YES;
				SDKROOT = /Applications/Xcode.app/Contents/Developer/Platforms/MacOSX.platform/Developer/SDKs/MacOSX11.3.sdk;
				SYMROOT = /Users/bernardocohen/repos/designPatternsJoshi/cpp/Xcode/build;
			};
			name = MinSizeRel;
		};
		B425BEDDFAA14730A67A9EFB /* Release */ = {
			isa = XCBuildConfiguration;
			buildSettings = {
				COMBINE_HIDPI_IMAGES = YES;
				GCC_GENERATE_DEBUGGING_SYMBOLS = YES;
				GCC_INLINES_ARE_PRIVATE_EXTERN = NO;
				GCC_OPTIMIZATION_LEVEL = 0;
				GCC_PREPROCESSOR_DEFINITIONS = ("'CMAKE_INTDIR=\"$(CONFIGURATION)$(EFFECTIVE_PLATFORM_NAME)\"'");
				GCC_SYMBOLS_PRIVATE_EXTERN = NO;
				INSTALL_PATH = "";
				OTHER_LDFLAGS = ("");
				OTHER_REZFLAGS = "";
				PRODUCT_NAME = ZERO_CHECK;
				SECTORDER_FLAGS = "";
				SYMROOT = /Users/bernardocohen/repos/designPatternsJoshi/cpp/Xcode;
				USE_HEADERMAP = NO;
				WARNING_CFLAGS = ("$(inherited)");
			};
			name = Release;
		};
		D5C090E43222421DB28D231B /* RelWithDebInfo */ = {
			isa = XCBuildConfiguration;
			buildSettings = {
				COMBINE_HIDPI_IMAGES = YES;
				DYLIB_COMPATIBILITY_VERSION = "";
				DYLIB_CURRENT_VERSION = "";
				EXECUTABLE_PREFIX = lib;
				EXECUTABLE_SUFFIX = .dylib;
				GCC_GENERATE_DEBUGGING_SYMBOLS = YES;
				GCC_INLINES_ARE_PRIVATE_EXTERN = NO;
				GCC_OPTIMIZATION_LEVEL = 2;
				GCC_PREPROCESSOR_DEFINITIONS = ("'CMAKE_INTDIR=\"$(CONFIGURATION)$(EFFECTIVE_PLATFORM_NAME)\"'",dpJoshi_EXPORTS);
				GCC_SYMBOLS_PRIVATE_EXTERN = NO;
				HEADER_SEARCH_PATHS = (/usr/local/include,/Users/bernardocohen/repos/designPatternsJoshi/cpp/include/dpJoshi_bits,"$(inherited)");
				INSTALL_PATH = "@rpath";
				LIBRARY_STYLE = DYNAMIC;
				OTHER_CPLUSPLUSFLAGS = "       -DNDEBUG -fPIC '-std=c++17' ";
				OTHER_LDFLAGS = (" -dynamiclib -Wl,-headerpad_max_install_names");
				OTHER_REZFLAGS = "";
				PRODUCT_NAME = dpJoshi;
				SECTORDER_FLAGS = "";
				SYMROOT = /Users/bernardocohen/repos/designPatternsJoshi/cpp/Xcode;
				USE_HEADERMAP = NO;
				WARNING_CFLAGS = ("$(inherited)");
			};
			name = RelWithDebInfo;
		};
		E331EA9F63A940238D1865E3 /* Debug */ = {
			isa = XCBuildConfiguration;
			buildSettings = {
				COMBINE_HIDPI_IMAGES = YES;
				GCC_GENERATE_DEBUGGING_SYMBOLS = YES;
				GCC_INLINES_ARE_PRIVATE_EXTERN = NO;
				GCC_OPTIMIZATION_LEVEL = 0;
				GCC_PREPROCESSOR_DEFINITIONS = ("'CMAKE_INTDIR=\"$(CONFIGURATION)$(EFFECTIVE_PLATFORM_NAME)\"'");
				GCC_SYMBOLS_PRIVATE_EXTERN = NO;
				INSTALL_PATH = "";
				OTHER_LDFLAGS = ("");
				OTHER_REZFLAGS = "";
				PRODUCT_NAME = ZERO_CHECK;
				SECTORDER_FLAGS = "";
				SYMROOT = /Users/bernardocohen/repos/designPatternsJoshi/cpp/Xcode;
				USE_HEADERMAP = NO;
				WARNING_CFLAGS = ("$(inherited)");
			};
			name = Debug;
		};
/* End XCBuildConfiguration section */

/* Begin XCConfigurationList section */
		6EE0380AE5DA4D7893F6B852 /* Build configuration list for PBXProject "dpJoshi" */ = {
			isa = XCConfigurationList;
			buildConfigurations = (
				4C0C5CE2B0134BC691391319 /* Debug */,
				46A48E5BA34843C6A76A75AA /* Release */,
				A3E258D3A29446C78A68E8F6 /* MinSizeRel */,
				61CFC7B13FD4444FABD66258 /* RelWithDebInfo */,
			);
			defaultConfigurationIsVisible = 0;
			defaultConfigurationName = Debug;
		};
		BB9C67E24D9649BD9831B1C8 /* Build configuration list for PBXAggregateTarget "ZERO_CHECK" */ = {
			isa = XCConfigurationList;
			buildConfigurations = (
				E331EA9F63A940238D1865E3 /* Debug */,
				B425BEDDFAA14730A67A9EFB /* Release */,
				49C2C6D493BC4B859E23F89F /* MinSizeRel */,
				8B088DFDA2F548EAB41CEA21 /* RelWithDebInfo */,
			);
			defaultConfigurationIsVisible = 0;
			defaultConfigurationName = Debug;
		};
		D7DCEDD6ED3C47DA992920F7 /* Build configuration list for PBXNativeTarget "dpJoshi" */ = {
			isa = XCConfigurationList;
			buildConfigurations = (
				90579CB511FA4DC6942C1E50 /* Debug */,
				0E3E8A78087C4626B5F42722 /* Release */,
				4C81D1E648BD492AA53EAF0D /* MinSizeRel */,
				D5C090E43222421DB28D231B /* RelWithDebInfo */,
			);
			defaultConfigurationIsVisible = 0;
			defaultConfigurationName = Debug;
		};
		E4782FF7FE3B4A56969B1E34 /* Build configuration list for PBXAggregateTarget "install" */ = {
			isa = XCConfigurationList;
			buildConfigurations = (
				0686E53C84C34FD29A05AAA5 /* Debug */,
				0C9BFA6A73054775845B0F1B /* Release */,
				5ED3DF8B5AA5477A9245B52B /* MinSizeRel */,
				8CD2522C72B24DAAA7671459 /* RelWithDebInfo */,
			);
			defaultConfigurationIsVisible = 0;
			defaultConfigurationName = Debug;
		};
		FE76547DACF0456BA5B29AE4 /* Build configuration list for PBXAggregateTarget "ALL_BUILD" */ = {
			isa = XCConfigurationList;
			buildConfigurations = (
				33A27BFBB04C44B2B4091FEF /* Debug */,
				815AB96C5D14460F84309BF3 /* Release */,
				2220FF618A464E80B87BBF61 /* MinSizeRel */,
				3D162BA89F134D68BCEE0FA8 /* RelWithDebInfo */,
			);
			defaultConfigurationIsVisible = 0;
			defaultConfigurationName = Debug;
		};
/* End XCConfigurationList section */
	};
	rootObject = EB5F0AF96B7040BF87E84C9D /* Project object */;
}
